// !$*UTF8*$!
{
    archiveVersion = 1;
    classes = {};
    objectVersion = 46;
    rootObject = __RootObject_;
    objects = {
        __RootObject_ = {
            isa = PBXProject;
            attributes = {LastUpgradeCheck = 9999;};
            buildConfigurationList = ___RootConfs_;
            compatibilityVersion = 'Xcode 3.2';
            developmentRegion = English;
            hasScannedForEncodings = 0;
            knownRegions = (en);
            mainGroup = ___RootGroup_;
            productRefGroup = ____Products_;
            projectDirPath = '';
            projectRoot = '';
            targets = (______Target_LoggerAPI, ______Target_KituraSys, ______Target_Socket, ______Target_CHTTPParser, ______Target_KituraNet, ______Target_SwiftyJSON, ______Target_KituraTemplateEngine, ______Target_Kitura, ______Target_KituraPress, ______Target_KituraPressTests);
        };
        '__PBXFileRef_Package.swift' = {
            isa = PBXFileReference;
            lastKnownFileType = sourcecode.swift;
            path = 'Package.swift';
            sourceTree = '<group>';
        };
        '__PBXFileRef_public' = {
            isa = PBXFileReference;
            lastKnownFileType = folder;
            name = 'public';
            path = 'public';
            sourceTree = '<group>';
        };
        ___RootGroup_ = {
            isa = PBXGroup;
            children = ('__PBXFileRef_Package.swift', _____Configs_, _____Sources_, '__PBXFileRef_public', Dependencies_, _______Tests_, ____Products_);
            sourceTree = '<group>';
        };
        _______Group_LoggerAPI = {
            isa = PBXGroup;
            name = 'LoggerAPI';
            path = 'Packages/LoggerAPI-0.10.0/Sources/LoggerAPI';
            sourceTree = '<group>';
            children = ('__PBXFileRef_Packages/LoggerAPI-0.10.0/Sources/LoggerAPI/Logger.swift');
        };
        '__PBXFileRef_Packages/LoggerAPI-0.10.0/Sources/LoggerAPI/Logger.swift' = {
            isa = PBXFileReference;
            lastKnownFileType = sourcecode.swift;
            path = 'Logger.swift';
            sourceTree = '<group>';
        };
        ______Target_LoggerAPI = {
            isa = PBXNativeTarget;
            buildConfigurationList = _______Confs_LoggerAPI;
            buildPhases = (CompilePhase_LoggerAPI, ___LinkPhase_LoggerAPI);
            buildRules = ();
            dependencies = ();
            name = 'LoggerAPI';
            productName = LoggerAPI;
            productReference = _____Product_LoggerAPI;
            productType = 'com.apple.product-type.framework';
        };
        _____Product_LoggerAPI = {
            isa = PBXFileReference;
            explicitFileType = 'wrapper.framework';
            path = 'LoggerAPI.framework';
            sourceTree = BUILT_PRODUCTS_DIR;
        };
        CompilePhase_LoggerAPI = {
            isa = PBXSourcesBuildPhase;
            files = ('__src_cc_ref_Packages/LoggerAPI-0.10.0/Sources/LoggerAPI/Logger.swift');
            runOnlyForDeploymentPostprocessing = 0;
        };
        '__src_cc_ref_Packages/LoggerAPI-0.10.0/Sources/LoggerAPI/Logger.swift' = {
            isa = PBXBuildFile;
            fileRef = '__PBXFileRef_Packages/LoggerAPI-0.10.0/Sources/LoggerAPI/Logger.swift';
        };
        ___LinkPhase_LoggerAPI = {
            isa = PBXFrameworksBuildPhase;
            files = ();
            runOnlyForDeploymentPostprocessing = 0;
        };
        _______Confs_LoggerAPI = {
            isa = XCConfigurationList;
            buildConfigurations = (___DebugConf_LoggerAPI, _ReleaseConf_LoggerAPI);
            defaultConfigurationIsVisible = 0;
            defaultConfigurationName = Debug;
        };
        ___DebugConf_LoggerAPI = {
            isa = XCBuildConfiguration;
            buildSettings = { SWIFT_VERSION = '3.0'; LD_RUNPATH_SEARCH_PATHS = '$(TOOLCHAIN_DIR)/usr/lib/swift/macosx'; PRODUCT_MODULE_NAME = '$(TARGET_NAME:c99extidentifier)'; ENABLE_TESTABILITY = 'YES'; OTHER_SWIFT_FLAGS = '$(inherited)'; INFOPLIST_FILE = 'KituraPress.xcodeproj/LoggerAPI_Info.plist'; FRAMEWORK_SEARCH_PATHS = '$(PLATFORM_DIR)/Developer/Library/Frameworks'; SWIFT_OPTIMIZATION_LEVEL = '-Onone'; PRODUCT_BUNDLE_IDENTIFIER = 'LoggerAPI'; PRODUCT_NAME = '$(TARGET_NAME:c99extidentifier)'; OTHER_LDFLAGS = '$(inherited)'; };
            name = Debug;
        };
        _ReleaseConf_LoggerAPI = {
            isa = XCBuildConfiguration;
            buildSettings = { SWIFT_VERSION = '3.0'; LD_RUNPATH_SEARCH_PATHS = '$(TOOLCHAIN_DIR)/usr/lib/swift/macosx'; PRODUCT_MODULE_NAME = '$(TARGET_NAME:c99extidentifier)'; ENABLE_TESTABILITY = 'YES'; OTHER_SWIFT_FLAGS = '$(inherited)'; INFOPLIST_FILE = 'KituraPress.xcodeproj/LoggerAPI_Info.plist'; FRAMEWORK_SEARCH_PATHS = '$(PLATFORM_DIR)/Developer/Library/Frameworks'; PRODUCT_BUNDLE_IDENTIFIER = 'LoggerAPI'; PRODUCT_NAME = '$(TARGET_NAME:c99extidentifier)'; OTHER_LDFLAGS = '$(inherited)'; };
            name = Release;
        };
        __Dependency_LoggerAPI = {
            isa = PBXTargetDependency;
            target = ______Target_LoggerAPI;
        };
        _______Group_KituraSys = {
            isa = PBXGroup;
            name = 'KituraSys';
            path = 'Packages/Kitura-Sys-0.27.1/Sources/KituraSys';
            sourceTree = '<group>';
            children = ('__PBXFileRef_Packages/Kitura-Sys-0.27.1/Sources/KituraSys/StringUtils.swift');
        };
        '__PBXFileRef_Packages/Kitura-Sys-0.27.1/Sources/KituraSys/StringUtils.swift' = {
            isa = PBXFileReference;
            lastKnownFileType = sourcecode.swift;
            path = 'StringUtils.swift';
            sourceTree = '<group>';
        };
        ______Target_KituraSys = {
            isa = PBXNativeTarget;
            buildConfigurationList = _______Confs_KituraSys;
            buildPhases = (CompilePhase_KituraSys, ___LinkPhase_KituraSys);
            buildRules = ();
            dependencies = (__Dependency_LoggerAPI);
            name = 'KituraSys';
            productName = KituraSys;
            productReference = _____Product_KituraSys;
            productType = 'com.apple.product-type.framework';
        };
        _____Product_KituraSys = {
            isa = PBXFileReference;
            explicitFileType = 'wrapper.framework';
            path = 'KituraSys.framework';
            sourceTree = BUILT_PRODUCTS_DIR;
        };
        CompilePhase_KituraSys = {
            isa = PBXSourcesBuildPhase;
            files = ('__src_cc_ref_Packages/Kitura-Sys-0.27.1/Sources/KituraSys/StringUtils.swift');
            runOnlyForDeploymentPostprocessing = 0;
        };
        '__src_cc_ref_Packages/Kitura-Sys-0.27.1/Sources/KituraSys/StringUtils.swift' = {
            isa = PBXBuildFile;
            fileRef = '__PBXFileRef_Packages/Kitura-Sys-0.27.1/Sources/KituraSys/StringUtils.swift';
        };
        ___LinkPhase_KituraSys = {
            isa = PBXFrameworksBuildPhase;
            files = (_LinkFileRef_LoggerAPI_via_KituraSys);
            runOnlyForDeploymentPostprocessing = 0;
        };
        _LinkFileRef_LoggerAPI_via_KituraSys = {
            isa = PBXBuildFile;
            fileRef = _____Product_LoggerAPI;
        };
        _______Confs_KituraSys = {
            isa = XCConfigurationList;
            buildConfigurations = (___DebugConf_KituraSys, _ReleaseConf_KituraSys);
            defaultConfigurationIsVisible = 0;
            defaultConfigurationName = Debug;
        };
        ___DebugConf_KituraSys = {
            isa = XCBuildConfiguration;
            buildSettings = { SWIFT_VERSION = '3.0'; LD_RUNPATH_SEARCH_PATHS = '$(TOOLCHAIN_DIR)/usr/lib/swift/macosx'; PRODUCT_MODULE_NAME = '$(TARGET_NAME:c99extidentifier)'; ENABLE_TESTABILITY = 'YES'; OTHER_SWIFT_FLAGS = '$(inherited)'; INFOPLIST_FILE = 'KituraPress.xcodeproj/KituraSys_Info.plist'; FRAMEWORK_SEARCH_PATHS = '$(PLATFORM_DIR)/Developer/Library/Frameworks'; SWIFT_OPTIMIZATION_LEVEL = '-Onone'; PRODUCT_BUNDLE_IDENTIFIER = 'KituraSys'; PRODUCT_NAME = '$(TARGET_NAME:c99extidentifier)'; OTHER_LDFLAGS = '$(inherited)'; };
            name = Debug;
        };
        _ReleaseConf_KituraSys = {
            isa = XCBuildConfiguration;
            buildSettings = { SWIFT_VERSION = '3.0'; LD_RUNPATH_SEARCH_PATHS = '$(TOOLCHAIN_DIR)/usr/lib/swift/macosx'; PRODUCT_MODULE_NAME = '$(TARGET_NAME:c99extidentifier)'; ENABLE_TESTABILITY = 'YES'; OTHER_SWIFT_FLAGS = '$(inherited)'; INFOPLIST_FILE = 'KituraPress.xcodeproj/KituraSys_Info.plist'; FRAMEWORK_SEARCH_PATHS = '$(PLATFORM_DIR)/Developer/Library/Frameworks'; PRODUCT_BUNDLE_IDENTIFIER = 'KituraSys'; PRODUCT_NAME = '$(TARGET_NAME:c99extidentifier)'; OTHER_LDFLAGS = '$(inherited)'; };
            name = Release;
        };
        __Dependency_KituraSys = {
            isa = PBXTargetDependency;
            target = ______Target_KituraSys;
        };
        _______Group_Socket = {
            isa = PBXGroup;
            name = 'Socket';
            path = 'Packages/Socket-0.10.15/Sources';
            sourceTree = '<group>';
            children = ('__PBXFileRef_Packages/Socket-0.10.15/Sources/Socket.swift', '__PBXFileRef_Packages/Socket-0.10.15/Sources/SocketProtocols.swift', '__PBXFileRef_Packages/Socket-0.10.15/Sources/SocketUtils.swift');
        };
        '__PBXFileRef_Packages/Socket-0.10.15/Sources/Socket.swift' = {
            isa = PBXFileReference;
            lastKnownFileType = sourcecode.swift;
            path = 'Socket.swift';
            sourceTree = '<group>';
        };
        '__PBXFileRef_Packages/Socket-0.10.15/Sources/SocketProtocols.swift' = {
            isa = PBXFileReference;
            lastKnownFileType = sourcecode.swift;
            path = 'SocketProtocols.swift';
            sourceTree = '<group>';
        };
        '__PBXFileRef_Packages/Socket-0.10.15/Sources/SocketUtils.swift' = {
            isa = PBXFileReference;
            lastKnownFileType = sourcecode.swift;
            path = 'SocketUtils.swift';
            sourceTree = '<group>';
        };
        ______Target_Socket = {
            isa = PBXNativeTarget;
            buildConfigurationList = _______Confs_Socket;
            buildPhases = (CompilePhase_Socket, ___LinkPhase_Socket);
            buildRules = ();
            dependencies = ();
            name = 'Socket';
            productName = Socket;
            productReference = _____Product_Socket;
            productType = 'com.apple.product-type.framework';
        };
        _____Product_Socket = {
            isa = PBXFileReference;
            explicitFileType = 'wrapper.framework';
            path = 'Socket.framework';
            sourceTree = BUILT_PRODUCTS_DIR;
        };
        CompilePhase_Socket = {
            isa = PBXSourcesBuildPhase;
            files = ('__src_cc_ref_Packages/Socket-0.10.15/Sources/Socket.swift', '__src_cc_ref_Packages/Socket-0.10.15/Sources/SocketProtocols.swift', '__src_cc_ref_Packages/Socket-0.10.15/Sources/SocketUtils.swift');
            runOnlyForDeploymentPostprocessing = 0;
        };
        '__src_cc_ref_Packages/Socket-0.10.15/Sources/Socket.swift' = {
            isa = PBXBuildFile;
            fileRef = '__PBXFileRef_Packages/Socket-0.10.15/Sources/Socket.swift';
        };
        '__src_cc_ref_Packages/Socket-0.10.15/Sources/SocketProtocols.swift' = {
            isa = PBXBuildFile;
            fileRef = '__PBXFileRef_Packages/Socket-0.10.15/Sources/SocketProtocols.swift';
        };
        '__src_cc_ref_Packages/Socket-0.10.15/Sources/SocketUtils.swift' = {
            isa = PBXBuildFile;
            fileRef = '__PBXFileRef_Packages/Socket-0.10.15/Sources/SocketUtils.swift';
        };
        ___LinkPhase_Socket = {
            isa = PBXFrameworksBuildPhase;
            files = ();
            runOnlyForDeploymentPostprocessing = 0;
        };
        _______Confs_Socket = {
            isa = XCConfigurationList;
            buildConfigurations = (___DebugConf_Socket, _ReleaseConf_Socket);
            defaultConfigurationIsVisible = 0;
            defaultConfigurationName = Debug;
        };
        ___DebugConf_Socket = {
            isa = XCBuildConfiguration;
            buildSettings = { SWIFT_VERSION = '3.0'; LD_RUNPATH_SEARCH_PATHS = '$(TOOLCHAIN_DIR)/usr/lib/swift/macosx'; PRODUCT_MODULE_NAME = '$(TARGET_NAME:c99extidentifier)'; ENABLE_TESTABILITY = 'YES'; OTHER_SWIFT_FLAGS = '$(inherited)'; INFOPLIST_FILE = 'KituraPress.xcodeproj/Socket_Info.plist'; FRAMEWORK_SEARCH_PATHS = '$(PLATFORM_DIR)/Developer/Library/Frameworks'; SWIFT_OPTIMIZATION_LEVEL = '-Onone'; PRODUCT_BUNDLE_IDENTIFIER = 'Socket'; PRODUCT_NAME = '$(TARGET_NAME:c99extidentifier)'; OTHER_LDFLAGS = '$(inherited)'; };
            name = Debug;
        };
        _ReleaseConf_Socket = {
            isa = XCBuildConfiguration;
            buildSettings = { SWIFT_VERSION = '3.0'; LD_RUNPATH_SEARCH_PATHS = '$(TOOLCHAIN_DIR)/usr/lib/swift/macosx'; PRODUCT_MODULE_NAME = '$(TARGET_NAME:c99extidentifier)'; ENABLE_TESTABILITY = 'YES'; OTHER_SWIFT_FLAGS = '$(inherited)'; INFOPLIST_FILE = 'KituraPress.xcodeproj/Socket_Info.plist'; FRAMEWORK_SEARCH_PATHS = '$(PLATFORM_DIR)/Developer/Library/Frameworks'; PRODUCT_BUNDLE_IDENTIFIER = 'Socket'; PRODUCT_NAME = '$(TARGET_NAME:c99extidentifier)'; OTHER_LDFLAGS = '$(inherited)'; };
            name = Release;
        };
        __Dependency_Socket = {
            isa = PBXTargetDependency;
            target = ______Target_Socket;
        };
        _______Group_CHTTPParser = {
            isa = PBXGroup;
            name = 'CHTTPParser';
            path = 'Packages/CHTTPParser-0.3.0/Sources/CHTTPParser';
            sourceTree = '<group>';
            children = ('__PBXFileRef_Packages/CHTTPParser-0.3.0/Sources/CHTTPParser/http_parser.c', '__PBXFileRef_Packages/CHTTPParser-0.3.0/Sources/CHTTPParser/utils.c');
        };
        '__PBXFileRef_Packages/CHTTPParser-0.3.0/Sources/CHTTPParser/http_parser.c' = {
            isa = PBXFileReference;
            lastKnownFileType = sourcecode.c.c;
            path = 'http_parser.c';
            sourceTree = '<group>';
        };
        '__PBXFileRef_Packages/CHTTPParser-0.3.0/Sources/CHTTPParser/utils.c' = {
            isa = PBXFileReference;
            lastKnownFileType = sourcecode.c.c;
            path = 'utils.c';
            sourceTree = '<group>';
        };
        ______Target_CHTTPParser = {
            isa = PBXNativeTarget;
            buildConfigurationList = _______Confs_CHTTPParser;
            buildPhases = (CompilePhase_CHTTPParser, ___LinkPhase_CHTTPParser);
            buildRules = ();
            dependencies = ();
            name = 'CHTTPParser';
            productName = CHTTPParser;
            productReference = _____Product_CHTTPParser;
            productType = 'com.apple.product-type.framework';
        };
        _____Product_CHTTPParser = {
            isa = PBXFileReference;
            explicitFileType = 'wrapper.framework';
            path = 'CHTTPParser.framework';
            sourceTree = BUILT_PRODUCTS_DIR;
        };
        CompilePhase_CHTTPParser = {
            isa = PBXSourcesBuildPhase;
            files = ('__src_cc_ref_Packages/CHTTPParser-0.3.0/Sources/CHTTPParser/http_parser.c', '__src_cc_ref_Packages/CHTTPParser-0.3.0/Sources/CHTTPParser/utils.c');
            runOnlyForDeploymentPostprocessing = 0;
        };
        '__src_cc_ref_Packages/CHTTPParser-0.3.0/Sources/CHTTPParser/http_parser.c' = {
            isa = PBXBuildFile;
            fileRef = '__PBXFileRef_Packages/CHTTPParser-0.3.0/Sources/CHTTPParser/http_parser.c';
        };
        '__src_cc_ref_Packages/CHTTPParser-0.3.0/Sources/CHTTPParser/utils.c' = {
            isa = PBXBuildFile;
            fileRef = '__PBXFileRef_Packages/CHTTPParser-0.3.0/Sources/CHTTPParser/utils.c';
        };
        ___LinkPhase_CHTTPParser = {
            isa = PBXFrameworksBuildPhase;
            files = ();
            runOnlyForDeploymentPostprocessing = 0;
        };
        _______Confs_CHTTPParser = {
            isa = XCConfigurationList;
            buildConfigurations = (___DebugConf_CHTTPParser, _ReleaseConf_CHTTPParser);
            defaultConfigurationIsVisible = 0;
            defaultConfigurationName = Debug;
        };
        ___DebugConf_CHTTPParser = {
            isa = XCBuildConfiguration;
            buildSettings = { LD_RUNPATH_SEARCH_PATHS = '$(TOOLCHAIN_DIR)/usr/lib/swift/macosx'; PRODUCT_MODULE_NAME = '$(TARGET_NAME:c99extidentifier)'; ENABLE_TESTABILITY = 'YES'; OTHER_SWIFT_FLAGS = '$(inherited)'; DEFINES_MODULE = 'YES'; SWIFT_VERSION = '3.0'; MODULEMAP_FILE = 'KituraPress.xcodeproj/GeneratedModuleMap/CHTTPParser/module.modulemap'; FRAMEWORK_SEARCH_PATHS = '$(PLATFORM_DIR)/Developer/Library/Frameworks'; SWIFT_OPTIMIZATION_LEVEL = '-Onone'; INFOPLIST_FILE = 'KituraPress.xcodeproj/CHTTPParser_Info.plist'; PRODUCT_BUNDLE_IDENTIFIER = 'CHTTPParser'; PRODUCT_NAME = '$(TARGET_NAME:c99extidentifier)'; OTHER_LDFLAGS = '$(inherited)'; };
            name = Debug;
        };
        _ReleaseConf_CHTTPParser = {
            isa = XCBuildConfiguration;
            buildSettings = { SWIFT_VERSION = '3.0'; MODULEMAP_FILE = 'KituraPress.xcodeproj/GeneratedModuleMap/CHTTPParser/module.modulemap'; LD_RUNPATH_SEARCH_PATHS = '$(TOOLCHAIN_DIR)/usr/lib/swift/macosx'; PRODUCT_MODULE_NAME = '$(TARGET_NAME:c99extidentifier)'; ENABLE_TESTABILITY = 'YES'; OTHER_SWIFT_FLAGS = '$(inherited)'; INFOPLIST_FILE = 'KituraPress.xcodeproj/CHTTPParser_Info.plist'; FRAMEWORK_SEARCH_PATHS = '$(PLATFORM_DIR)/Developer/Library/Frameworks'; DEFINES_MODULE = 'YES'; PRODUCT_BUNDLE_IDENTIFIER = 'CHTTPParser'; PRODUCT_NAME = '$(TARGET_NAME:c99extidentifier)'; OTHER_LDFLAGS = '$(inherited)'; };
            name = Release;
        };
        __Dependency_CHTTPParser = {
            isa = PBXTargetDependency;
            target = ______Target_CHTTPParser;
        };
        _______Group_KituraNet = {
            isa = PBXGroup;
            name = 'KituraNet';
            path = 'Packages/Kitura-net-0.27.2/Sources/KituraNet';
            sourceTree = '<group>';
            children = ('__PBXFileRef_Packages/Kitura-net-0.27.2/Sources/KituraNet/BufferList.swift', '__PBXFileRef_Packages/Kitura-net-0.27.2/Sources/KituraNet/ClientRequest.swift', '__PBXFileRef_Packages/Kitura-net-0.27.2/Sources/KituraNet/ClientResponse.swift', '__PBXFileRef_Packages/Kitura-net-0.27.2/Sources/KituraNet/Error.swift', '__PBXFileRef_Packages/Kitura-net-0.27.2/Sources/KituraNet/HeadersContainer.swift', '__PBXFileRef_Packages/Kitura-net-0.27.2/Sources/KituraNet/IncomingSocketHandler.swift', '__PBXFileRef_Packages/Kitura-net-0.27.2/Sources/KituraNet/IncomingSocketManager.swift', '__PBXFileRef_Packages/Kitura-net-0.27.2/Sources/KituraNet/IncomingSocketProcessor.swift', '__PBXFileRef_Packages/Kitura-net-0.27.2/Sources/KituraNet/ListenerGroup.swift', '__PBXFileRef_Packages/Kitura-net-0.27.2/Sources/KituraNet/PseudoSynchronousReader.swift', '__PBXFileRef_Packages/Kitura-net-0.27.2/Sources/KituraNet/ServerDelegate.swift', '__PBXFileRef_Packages/Kitura-net-0.27.2/Sources/KituraNet/ServerRequest.swift', '__PBXFileRef_Packages/Kitura-net-0.27.2/Sources/KituraNet/ServerResponse.swift', '__PBXFileRef_Packages/Kitura-net-0.27.2/Sources/KituraNet/SPIUtils.swift', '__PBXFileRef_Packages/Kitura-net-0.27.2/Sources/KituraNet/FastCGI/FastCGI.swift', '__PBXFileRef_Packages/Kitura-net-0.27.2/Sources/KituraNet/FastCGI/FastCGIRecordCreate.swift', '__PBXFileRef_Packages/Kitura-net-0.27.2/Sources/KituraNet/FastCGI/FastCGIRecordParser.swift', '__PBXFileRef_Packages/Kitura-net-0.27.2/Sources/KituraNet/FastCGI/FastCGIServer.swift', '__PBXFileRef_Packages/Kitura-net-0.27.2/Sources/KituraNet/FastCGI/FastCGIServerRequest.swift', '__PBXFileRef_Packages/Kitura-net-0.27.2/Sources/KituraNet/FastCGI/FastCGIServerResponse.swift', '__PBXFileRef_Packages/Kitura-net-0.27.2/Sources/KituraNet/HTTP/HTTP.swift', '__PBXFileRef_Packages/Kitura-net-0.27.2/Sources/KituraNet/HTTP/HTTPIncomingMessage.swift', '__PBXFileRef_Packages/Kitura-net-0.27.2/Sources/KituraNet/HTTP/HTTPServer.swift', '__PBXFileRef_Packages/Kitura-net-0.27.2/Sources/KituraNet/HTTP/HTTPServerRequest.swift', '__PBXFileRef_Packages/Kitura-net-0.27.2/Sources/KituraNet/HTTP/HTTPServerResponse.swift', '__PBXFileRef_Packages/Kitura-net-0.27.2/Sources/KituraNet/HTTP/IncomingHTTPSocketProcessor.swift', '__PBXFileRef_Packages/Kitura-net-0.27.2/Sources/KituraNet/HTTPParser/HTTPParser.swift', '__PBXFileRef_Packages/Kitura-net-0.27.2/Sources/KituraNet/HTTPParser/HTTPParserStatus.swift', '__PBXFileRef_Packages/Kitura-net-0.27.2/Sources/KituraNet/HTTPParser/URLParser.swift');
        };
        '__PBXFileRef_Packages/Kitura-net-0.27.2/Sources/KituraNet/BufferList.swift' = {
            isa = PBXFileReference;
            lastKnownFileType = sourcecode.swift;
            path = 'BufferList.swift';
            sourceTree = '<group>';
        };
        '__PBXFileRef_Packages/Kitura-net-0.27.2/Sources/KituraNet/ClientRequest.swift' = {
            isa = PBXFileReference;
            lastKnownFileType = sourcecode.swift;
            path = 'ClientRequest.swift';
            sourceTree = '<group>';
        };
        '__PBXFileRef_Packages/Kitura-net-0.27.2/Sources/KituraNet/ClientResponse.swift' = {
            isa = PBXFileReference;
            lastKnownFileType = sourcecode.swift;
            path = 'ClientResponse.swift';
            sourceTree = '<group>';
        };
        '__PBXFileRef_Packages/Kitura-net-0.27.2/Sources/KituraNet/Error.swift' = {
            isa = PBXFileReference;
            lastKnownFileType = sourcecode.swift;
            path = 'Error.swift';
            sourceTree = '<group>';
        };
        '__PBXFileRef_Packages/Kitura-net-0.27.2/Sources/KituraNet/HeadersContainer.swift' = {
            isa = PBXFileReference;
            lastKnownFileType = sourcecode.swift;
            path = 'HeadersContainer.swift';
            sourceTree = '<group>';
        };
        '__PBXFileRef_Packages/Kitura-net-0.27.2/Sources/KituraNet/IncomingSocketHandler.swift' = {
            isa = PBXFileReference;
            lastKnownFileType = sourcecode.swift;
            path = 'IncomingSocketHandler.swift';
            sourceTree = '<group>';
        };
        '__PBXFileRef_Packages/Kitura-net-0.27.2/Sources/KituraNet/IncomingSocketManager.swift' = {
            isa = PBXFileReference;
            lastKnownFileType = sourcecode.swift;
            path = 'IncomingSocketManager.swift';
            sourceTree = '<group>';
        };
        '__PBXFileRef_Packages/Kitura-net-0.27.2/Sources/KituraNet/IncomingSocketProcessor.swift' = {
            isa = PBXFileReference;
            lastKnownFileType = sourcecode.swift;
            path = 'IncomingSocketProcessor.swift';
            sourceTree = '<group>';
        };
        '__PBXFileRef_Packages/Kitura-net-0.27.2/Sources/KituraNet/ListenerGroup.swift' = {
            isa = PBXFileReference;
            lastKnownFileType = sourcecode.swift;
            path = 'ListenerGroup.swift';
            sourceTree = '<group>';
        };
        '__PBXFileRef_Packages/Kitura-net-0.27.2/Sources/KituraNet/PseudoSynchronousReader.swift' = {
            isa = PBXFileReference;
            lastKnownFileType = sourcecode.swift;
            path = 'PseudoSynchronousReader.swift';
            sourceTree = '<group>';
        };
        '__PBXFileRef_Packages/Kitura-net-0.27.2/Sources/KituraNet/ServerDelegate.swift' = {
            isa = PBXFileReference;
            lastKnownFileType = sourcecode.swift;
            path = 'ServerDelegate.swift';
            sourceTree = '<group>';
        };
        '__PBXFileRef_Packages/Kitura-net-0.27.2/Sources/KituraNet/ServerRequest.swift' = {
            isa = PBXFileReference;
            lastKnownFileType = sourcecode.swift;
            path = 'ServerRequest.swift';
            sourceTree = '<group>';
        };
        '__PBXFileRef_Packages/Kitura-net-0.27.2/Sources/KituraNet/ServerResponse.swift' = {
            isa = PBXFileReference;
            lastKnownFileType = sourcecode.swift;
            path = 'ServerResponse.swift';
            sourceTree = '<group>';
        };
        '__PBXFileRef_Packages/Kitura-net-0.27.2/Sources/KituraNet/SPIUtils.swift' = {
            isa = PBXFileReference;
            lastKnownFileType = sourcecode.swift;
            path = 'SPIUtils.swift';
            sourceTree = '<group>';
        };
        '__PBXFileRef_Packages/Kitura-net-0.27.2/Sources/KituraNet/FastCGI/FastCGI.swift' = {
            isa = PBXFileReference;
            lastKnownFileType = sourcecode.swift;
            path = 'FastCGI/FastCGI.swift';
            sourceTree = '<group>';
        };
        '__PBXFileRef_Packages/Kitura-net-0.27.2/Sources/KituraNet/FastCGI/FastCGIRecordCreate.swift' = {
            isa = PBXFileReference;
            lastKnownFileType = sourcecode.swift;
            path = 'FastCGI/FastCGIRecordCreate.swift';
            sourceTree = '<group>';
        };
        '__PBXFileRef_Packages/Kitura-net-0.27.2/Sources/KituraNet/FastCGI/FastCGIRecordParser.swift' = {
            isa = PBXFileReference;
            lastKnownFileType = sourcecode.swift;
            path = 'FastCGI/FastCGIRecordParser.swift';
            sourceTree = '<group>';
        };
        '__PBXFileRef_Packages/Kitura-net-0.27.2/Sources/KituraNet/FastCGI/FastCGIServer.swift' = {
            isa = PBXFileReference;
            lastKnownFileType = sourcecode.swift;
            path = 'FastCGI/FastCGIServer.swift';
            sourceTree = '<group>';
        };
        '__PBXFileRef_Packages/Kitura-net-0.27.2/Sources/KituraNet/FastCGI/FastCGIServerRequest.swift' = {
            isa = PBXFileReference;
            lastKnownFileType = sourcecode.swift;
            path = 'FastCGI/FastCGIServerRequest.swift';
            sourceTree = '<group>';
        };
        '__PBXFileRef_Packages/Kitura-net-0.27.2/Sources/KituraNet/FastCGI/FastCGIServerResponse.swift' = {
            isa = PBXFileReference;
            lastKnownFileType = sourcecode.swift;
            path = 'FastCGI/FastCGIServerResponse.swift';
            sourceTree = '<group>';
        };
        '__PBXFileRef_Packages/Kitura-net-0.27.2/Sources/KituraNet/HTTP/HTTP.swift' = {
            isa = PBXFileReference;
            lastKnownFileType = sourcecode.swift;
            path = 'HTTP/HTTP.swift';
            sourceTree = '<group>';
        };
        '__PBXFileRef_Packages/Kitura-net-0.27.2/Sources/KituraNet/HTTP/HTTPIncomingMessage.swift' = {
            isa = PBXFileReference;
            lastKnownFileType = sourcecode.swift;
            path = 'HTTP/HTTPIncomingMessage.swift';
            sourceTree = '<group>';
        };
        '__PBXFileRef_Packages/Kitura-net-0.27.2/Sources/KituraNet/HTTP/HTTPServer.swift' = {
            isa = PBXFileReference;
            lastKnownFileType = sourcecode.swift;
            path = 'HTTP/HTTPServer.swift';
            sourceTree = '<group>';
        };
        '__PBXFileRef_Packages/Kitura-net-0.27.2/Sources/KituraNet/HTTP/HTTPServerRequest.swift' = {
            isa = PBXFileReference;
            lastKnownFileType = sourcecode.swift;
            path = 'HTTP/HTTPServerRequest.swift';
            sourceTree = '<group>';
        };
        '__PBXFileRef_Packages/Kitura-net-0.27.2/Sources/KituraNet/HTTP/HTTPServerResponse.swift' = {
            isa = PBXFileReference;
            lastKnownFileType = sourcecode.swift;
            path = 'HTTP/HTTPServerResponse.swift';
            sourceTree = '<group>';
        };
        '__PBXFileRef_Packages/Kitura-net-0.27.2/Sources/KituraNet/HTTP/IncomingHTTPSocketProcessor.swift' = {
            isa = PBXFileReference;
            lastKnownFileType = sourcecode.swift;
            path = 'HTTP/IncomingHTTPSocketProcessor.swift';
            sourceTree = '<group>';
        };
        '__PBXFileRef_Packages/Kitura-net-0.27.2/Sources/KituraNet/HTTPParser/HTTPParser.swift' = {
            isa = PBXFileReference;
            lastKnownFileType = sourcecode.swift;
            path = 'HTTPParser/HTTPParser.swift';
            sourceTree = '<group>';
        };
        '__PBXFileRef_Packages/Kitura-net-0.27.2/Sources/KituraNet/HTTPParser/HTTPParserStatus.swift' = {
            isa = PBXFileReference;
            lastKnownFileType = sourcecode.swift;
            path = 'HTTPParser/HTTPParserStatus.swift';
            sourceTree = '<group>';
        };
        '__PBXFileRef_Packages/Kitura-net-0.27.2/Sources/KituraNet/HTTPParser/URLParser.swift' = {
            isa = PBXFileReference;
            lastKnownFileType = sourcecode.swift;
            path = 'HTTPParser/URLParser.swift';
            sourceTree = '<group>';
        };
        ______Target_KituraNet = {
            isa = PBXNativeTarget;
            buildConfigurationList = _______Confs_KituraNet;
            buildPhases = (CompilePhase_KituraNet, ___LinkPhase_KituraNet);
            buildRules = ();
            dependencies = (__Dependency_LoggerAPI, __Dependency_KituraSys, __Dependency_Socket, __Dependency_CHTTPParser);
            name = 'KituraNet';
            productName = KituraNet;
            productReference = _____Product_KituraNet;
            productType = 'com.apple.product-type.framework';
        };
        _____Product_KituraNet = {
            isa = PBXFileReference;
            explicitFileType = 'wrapper.framework';
            path = 'KituraNet.framework';
            sourceTree = BUILT_PRODUCTS_DIR;
        };
        CompilePhase_KituraNet = {
            isa = PBXSourcesBuildPhase;
            files = ('__src_cc_ref_Packages/Kitura-net-0.27.2/Sources/KituraNet/BufferList.swift', '__src_cc_ref_Packages/Kitura-net-0.27.2/Sources/KituraNet/ClientRequest.swift', '__src_cc_ref_Packages/Kitura-net-0.27.2/Sources/KituraNet/ClientResponse.swift', '__src_cc_ref_Packages/Kitura-net-0.27.2/Sources/KituraNet/Error.swift', '__src_cc_ref_Packages/Kitura-net-0.27.2/Sources/KituraNet/HeadersContainer.swift', '__src_cc_ref_Packages/Kitura-net-0.27.2/Sources/KituraNet/IncomingSocketHandler.swift', '__src_cc_ref_Packages/Kitura-net-0.27.2/Sources/KituraNet/IncomingSocketManager.swift', '__src_cc_ref_Packages/Kitura-net-0.27.2/Sources/KituraNet/IncomingSocketProcessor.swift', '__src_cc_ref_Packages/Kitura-net-0.27.2/Sources/KituraNet/ListenerGroup.swift', '__src_cc_ref_Packages/Kitura-net-0.27.2/Sources/KituraNet/PseudoSynchronousReader.swift', '__src_cc_ref_Packages/Kitura-net-0.27.2/Sources/KituraNet/ServerDelegate.swift', '__src_cc_ref_Packages/Kitura-net-0.27.2/Sources/KituraNet/ServerRequest.swift', '__src_cc_ref_Packages/Kitura-net-0.27.2/Sources/KituraNet/ServerResponse.swift', '__src_cc_ref_Packages/Kitura-net-0.27.2/Sources/KituraNet/SPIUtils.swift', '__src_cc_ref_Packages/Kitura-net-0.27.2/Sources/KituraNet/FastCGI/FastCGI.swift', '__src_cc_ref_Packages/Kitura-net-0.27.2/Sources/KituraNet/FastCGI/FastCGIRecordCreate.swift', '__src_cc_ref_Packages/Kitura-net-0.27.2/Sources/KituraNet/FastCGI/FastCGIRecordParser.swift', '__src_cc_ref_Packages/Kitura-net-0.27.2/Sources/KituraNet/FastCGI/FastCGIServer.swift', '__src_cc_ref_Packages/Kitura-net-0.27.2/Sources/KituraNet/FastCGI/FastCGIServerRequest.swift', '__src_cc_ref_Packages/Kitura-net-0.27.2/Sources/KituraNet/FastCGI/FastCGIServerResponse.swift', '__src_cc_ref_Packages/Kitura-net-0.27.2/Sources/KituraNet/HTTP/HTTP.swift', '__src_cc_ref_Packages/Kitura-net-0.27.2/Sources/KituraNet/HTTP/HTTPIncomingMessage.swift', '__src_cc_ref_Packages/Kitura-net-0.27.2/Sources/KituraNet/HTTP/HTTPServer.swift', '__src_cc_ref_Packages/Kitura-net-0.27.2/Sources/KituraNet/HTTP/HTTPServerRequest.swift', '__src_cc_ref_Packages/Kitura-net-0.27.2/Sources/KituraNet/HTTP/HTTPServerResponse.swift', '__src_cc_ref_Packages/Kitura-net-0.27.2/Sources/KituraNet/HTTP/IncomingHTTPSocketProcessor.swift', '__src_cc_ref_Packages/Kitura-net-0.27.2/Sources/KituraNet/HTTPParser/HTTPParser.swift', '__src_cc_ref_Packages/Kitura-net-0.27.2/Sources/KituraNet/HTTPParser/HTTPParserStatus.swift', '__src_cc_ref_Packages/Kitura-net-0.27.2/Sources/KituraNet/HTTPParser/URLParser.swift');
            runOnlyForDeploymentPostprocessing = 0;
        };
        '__src_cc_ref_Packages/Kitura-net-0.27.2/Sources/KituraNet/BufferList.swift' = {
            isa = PBXBuildFile;
            fileRef = '__PBXFileRef_Packages/Kitura-net-0.27.2/Sources/KituraNet/BufferList.swift';
        };
        '__src_cc_ref_Packages/Kitura-net-0.27.2/Sources/KituraNet/ClientRequest.swift' = {
            isa = PBXBuildFile;
            fileRef = '__PBXFileRef_Packages/Kitura-net-0.27.2/Sources/KituraNet/ClientRequest.swift';
        };
        '__src_cc_ref_Packages/Kitura-net-0.27.2/Sources/KituraNet/ClientResponse.swift' = {
            isa = PBXBuildFile;
            fileRef = '__PBXFileRef_Packages/Kitura-net-0.27.2/Sources/KituraNet/ClientResponse.swift';
        };
        '__src_cc_ref_Packages/Kitura-net-0.27.2/Sources/KituraNet/Error.swift' = {
            isa = PBXBuildFile;
            fileRef = '__PBXFileRef_Packages/Kitura-net-0.27.2/Sources/KituraNet/Error.swift';
        };
        '__src_cc_ref_Packages/Kitura-net-0.27.2/Sources/KituraNet/HeadersContainer.swift' = {
            isa = PBXBuildFile;
            fileRef = '__PBXFileRef_Packages/Kitura-net-0.27.2/Sources/KituraNet/HeadersContainer.swift';
        };
        '__src_cc_ref_Packages/Kitura-net-0.27.2/Sources/KituraNet/IncomingSocketHandler.swift' = {
            isa = PBXBuildFile;
            fileRef = '__PBXFileRef_Packages/Kitura-net-0.27.2/Sources/KituraNet/IncomingSocketHandler.swift';
        };
        '__src_cc_ref_Packages/Kitura-net-0.27.2/Sources/KituraNet/IncomingSocketManager.swift' = {
            isa = PBXBuildFile;
            fileRef = '__PBXFileRef_Packages/Kitura-net-0.27.2/Sources/KituraNet/IncomingSocketManager.swift';
        };
        '__src_cc_ref_Packages/Kitura-net-0.27.2/Sources/KituraNet/IncomingSocketProcessor.swift' = {
            isa = PBXBuildFile;
            fileRef = '__PBXFileRef_Packages/Kitura-net-0.27.2/Sources/KituraNet/IncomingSocketProcessor.swift';
        };
        '__src_cc_ref_Packages/Kitura-net-0.27.2/Sources/KituraNet/ListenerGroup.swift' = {
            isa = PBXBuildFile;
            fileRef = '__PBXFileRef_Packages/Kitura-net-0.27.2/Sources/KituraNet/ListenerGroup.swift';
        };
        '__src_cc_ref_Packages/Kitura-net-0.27.2/Sources/KituraNet/PseudoSynchronousReader.swift' = {
            isa = PBXBuildFile;
            fileRef = '__PBXFileRef_Packages/Kitura-net-0.27.2/Sources/KituraNet/PseudoSynchronousReader.swift';
        };
        '__src_cc_ref_Packages/Kitura-net-0.27.2/Sources/KituraNet/ServerDelegate.swift' = {
            isa = PBXBuildFile;
            fileRef = '__PBXFileRef_Packages/Kitura-net-0.27.2/Sources/KituraNet/ServerDelegate.swift';
        };
        '__src_cc_ref_Packages/Kitura-net-0.27.2/Sources/KituraNet/ServerRequest.swift' = {
            isa = PBXBuildFile;
            fileRef = '__PBXFileRef_Packages/Kitura-net-0.27.2/Sources/KituraNet/ServerRequest.swift';
        };
        '__src_cc_ref_Packages/Kitura-net-0.27.2/Sources/KituraNet/ServerResponse.swift' = {
            isa = PBXBuildFile;
            fileRef = '__PBXFileRef_Packages/Kitura-net-0.27.2/Sources/KituraNet/ServerResponse.swift';
        };
        '__src_cc_ref_Packages/Kitura-net-0.27.2/Sources/KituraNet/SPIUtils.swift' = {
            isa = PBXBuildFile;
            fileRef = '__PBXFileRef_Packages/Kitura-net-0.27.2/Sources/KituraNet/SPIUtils.swift';
        };
        '__src_cc_ref_Packages/Kitura-net-0.27.2/Sources/KituraNet/FastCGI/FastCGI.swift' = {
            isa = PBXBuildFile;
            fileRef = '__PBXFileRef_Packages/Kitura-net-0.27.2/Sources/KituraNet/FastCGI/FastCGI.swift';
        };
        '__src_cc_ref_Packages/Kitura-net-0.27.2/Sources/KituraNet/FastCGI/FastCGIRecordCreate.swift' = {
            isa = PBXBuildFile;
            fileRef = '__PBXFileRef_Packages/Kitura-net-0.27.2/Sources/KituraNet/FastCGI/FastCGIRecordCreate.swift';
        };
        '__src_cc_ref_Packages/Kitura-net-0.27.2/Sources/KituraNet/FastCGI/FastCGIRecordParser.swift' = {
            isa = PBXBuildFile;
            fileRef = '__PBXFileRef_Packages/Kitura-net-0.27.2/Sources/KituraNet/FastCGI/FastCGIRecordParser.swift';
        };
        '__src_cc_ref_Packages/Kitura-net-0.27.2/Sources/KituraNet/FastCGI/FastCGIServer.swift' = {
            isa = PBXBuildFile;
            fileRef = '__PBXFileRef_Packages/Kitura-net-0.27.2/Sources/KituraNet/FastCGI/FastCGIServer.swift';
        };
        '__src_cc_ref_Packages/Kitura-net-0.27.2/Sources/KituraNet/FastCGI/FastCGIServerRequest.swift' = {
            isa = PBXBuildFile;
            fileRef = '__PBXFileRef_Packages/Kitura-net-0.27.2/Sources/KituraNet/FastCGI/FastCGIServerRequest.swift';
        };
        '__src_cc_ref_Packages/Kitura-net-0.27.2/Sources/KituraNet/FastCGI/FastCGIServerResponse.swift' = {
            isa = PBXBuildFile;
            fileRef = '__PBXFileRef_Packages/Kitura-net-0.27.2/Sources/KituraNet/FastCGI/FastCGIServerResponse.swift';
        };
        '__src_cc_ref_Packages/Kitura-net-0.27.2/Sources/KituraNet/HTTP/HTTP.swift' = {
            isa = PBXBuildFile;
            fileRef = '__PBXFileRef_Packages/Kitura-net-0.27.2/Sources/KituraNet/HTTP/HTTP.swift';
        };
        '__src_cc_ref_Packages/Kitura-net-0.27.2/Sources/KituraNet/HTTP/HTTPIncomingMessage.swift' = {
            isa = PBXBuildFile;
            fileRef = '__PBXFileRef_Packages/Kitura-net-0.27.2/Sources/KituraNet/HTTP/HTTPIncomingMessage.swift';
        };
        '__src_cc_ref_Packages/Kitura-net-0.27.2/Sources/KituraNet/HTTP/HTTPServer.swift' = {
            isa = PBXBuildFile;
            fileRef = '__PBXFileRef_Packages/Kitura-net-0.27.2/Sources/KituraNet/HTTP/HTTPServer.swift';
        };
        '__src_cc_ref_Packages/Kitura-net-0.27.2/Sources/KituraNet/HTTP/HTTPServerRequest.swift' = {
            isa = PBXBuildFile;
            fileRef = '__PBXFileRef_Packages/Kitura-net-0.27.2/Sources/KituraNet/HTTP/HTTPServerRequest.swift';
        };
        '__src_cc_ref_Packages/Kitura-net-0.27.2/Sources/KituraNet/HTTP/HTTPServerResponse.swift' = {
            isa = PBXBuildFile;
            fileRef = '__PBXFileRef_Packages/Kitura-net-0.27.2/Sources/KituraNet/HTTP/HTTPServerResponse.swift';
        };
        '__src_cc_ref_Packages/Kitura-net-0.27.2/Sources/KituraNet/HTTP/IncomingHTTPSocketProcessor.swift' = {
            isa = PBXBuildFile;
            fileRef = '__PBXFileRef_Packages/Kitura-net-0.27.2/Sources/KituraNet/HTTP/IncomingHTTPSocketProcessor.swift';
        };
        '__src_cc_ref_Packages/Kitura-net-0.27.2/Sources/KituraNet/HTTPParser/HTTPParser.swift' = {
            isa = PBXBuildFile;
            fileRef = '__PBXFileRef_Packages/Kitura-net-0.27.2/Sources/KituraNet/HTTPParser/HTTPParser.swift';
        };
        '__src_cc_ref_Packages/Kitura-net-0.27.2/Sources/KituraNet/HTTPParser/HTTPParserStatus.swift' = {
            isa = PBXBuildFile;
            fileRef = '__PBXFileRef_Packages/Kitura-net-0.27.2/Sources/KituraNet/HTTPParser/HTTPParserStatus.swift';
        };
        '__src_cc_ref_Packages/Kitura-net-0.27.2/Sources/KituraNet/HTTPParser/URLParser.swift' = {
            isa = PBXBuildFile;
            fileRef = '__PBXFileRef_Packages/Kitura-net-0.27.2/Sources/KituraNet/HTTPParser/URLParser.swift';
        };
        ___LinkPhase_KituraNet = {
            isa = PBXFrameworksBuildPhase;
            files = (_LinkFileRef_LoggerAPI_via_KituraNet, _LinkFileRef_KituraSys_via_KituraNet, _LinkFileRef_Socket_via_KituraNet, _LinkFileRef_CHTTPParser_via_KituraNet);
            runOnlyForDeploymentPostprocessing = 0;
        };
        _LinkFileRef_LoggerAPI_via_KituraNet = {
            isa = PBXBuildFile;
            fileRef = _____Product_LoggerAPI;
        };
        _LinkFileRef_KituraSys_via_KituraNet = {
            isa = PBXBuildFile;
            fileRef = _____Product_KituraSys;
        };
        _LinkFileRef_Socket_via_KituraNet = {
            isa = PBXBuildFile;
            fileRef = _____Product_Socket;
        };
        _LinkFileRef_CHTTPParser_via_KituraNet = {
            isa = PBXBuildFile;
            fileRef = _____Product_CHTTPParser;
        };
        _______Confs_KituraNet = {
            isa = XCConfigurationList;
            buildConfigurations = (___DebugConf_KituraNet, _ReleaseConf_KituraNet);
            defaultConfigurationIsVisible = 0;
            defaultConfigurationName = Debug;
        };
        ___DebugConf_KituraNet = {
            isa = XCBuildConfiguration;
            buildSettings = { SWIFT_VERSION = '3.0'; LD_RUNPATH_SEARCH_PATHS = '$(TOOLCHAIN_DIR)/usr/lib/swift/macosx'; PRODUCT_MODULE_NAME = '$(TARGET_NAME:c99extidentifier)'; ENABLE_TESTABILITY = 'YES'; OTHER_SWIFT_FLAGS = '$(inherited)'; INFOPLIST_FILE = 'KituraPress.xcodeproj/KituraNet_Info.plist'; FRAMEWORK_SEARCH_PATHS = '$(PLATFORM_DIR)/Developer/Library/Frameworks'; SWIFT_OPTIMIZATION_LEVEL = '-Onone'; HEADER_SEARCH_PATHS = '/Users/Ryan/Developer/macOS/Linux-Server-Side-Swift-Benchmarking/KituraJSON/Packages/CCurl-0.2.1 /Users/Ryan/Developer/macOS/Linux-Server-Side-Swift-Benchmarking/KituraJSON/Packages/CHTTPParser-0.3.0/Sources/CHTTPParser/include'; PRODUCT_BUNDLE_IDENTIFIER = 'KituraNet'; PRODUCT_NAME = '$(TARGET_NAME:c99extidentifier)'; OTHER_LDFLAGS = '$(inherited)'; };
            name = Debug;
        };
        _ReleaseConf_KituraNet = {
            isa = XCBuildConfiguration;
            buildSettings = { SWIFT_VERSION = '3.0'; LD_RUNPATH_SEARCH_PATHS = '$(TOOLCHAIN_DIR)/usr/lib/swift/macosx'; PRODUCT_MODULE_NAME = '$(TARGET_NAME:c99extidentifier)'; ENABLE_TESTABILITY = 'YES'; OTHER_SWIFT_FLAGS = '$(inherited)'; INFOPLIST_FILE = 'KituraPress.xcodeproj/KituraNet_Info.plist'; FRAMEWORK_SEARCH_PATHS = '$(PLATFORM_DIR)/Developer/Library/Frameworks'; HEADER_SEARCH_PATHS = '/Users/Ryan/Developer/macOS/Linux-Server-Side-Swift-Benchmarking/KituraJSON/Packages/CCurl-0.2.1 /Users/Ryan/Developer/macOS/Linux-Server-Side-Swift-Benchmarking/KituraJSON/Packages/CHTTPParser-0.3.0/Sources/CHTTPParser/include'; PRODUCT_BUNDLE_IDENTIFIER = 'KituraNet'; PRODUCT_NAME = '$(TARGET_NAME:c99extidentifier)'; OTHER_LDFLAGS = '$(inherited)'; };
            name = Release;
        };
        __Dependency_KituraNet = {
            isa = PBXTargetDependency;
            target = ______Target_KituraNet;
        };
        _______Group_SwiftyJSON = {
            isa = PBXGroup;
            name = 'SwiftyJSON';
            path = 'Packages/SwiftyJSON-14.2.0/Source';
            sourceTree = '<group>';
            children = ('__PBXFileRef_Packages/SwiftyJSON-14.2.0/Source/LclJSONSerialization.swift', '__PBXFileRef_Packages/SwiftyJSON-14.2.0/Source/SwiftyJSON.swift');
        };
        '__PBXFileRef_Packages/SwiftyJSON-14.2.0/Source/LclJSONSerialization.swift' = {
            isa = PBXFileReference;
            lastKnownFileType = sourcecode.swift;
            path = 'LclJSONSerialization.swift';
            sourceTree = '<group>';
        };
        '__PBXFileRef_Packages/SwiftyJSON-14.2.0/Source/SwiftyJSON.swift' = {
            isa = PBXFileReference;
            lastKnownFileType = sourcecode.swift;
            path = 'SwiftyJSON.swift';
            sourceTree = '<group>';
        };
        ______Target_SwiftyJSON = {
            isa = PBXNativeTarget;
            buildConfigurationList = _______Confs_SwiftyJSON;
            buildPhases = (CompilePhase_SwiftyJSON, ___LinkPhase_SwiftyJSON);
            buildRules = ();
            dependencies = ();
            name = 'SwiftyJSON';
            productName = SwiftyJSON;
            productReference = _____Product_SwiftyJSON;
            productType = 'com.apple.product-type.framework';
        };
        _____Product_SwiftyJSON = {
            isa = PBXFileReference;
            explicitFileType = 'wrapper.framework';
            path = 'SwiftyJSON.framework';
            sourceTree = BUILT_PRODUCTS_DIR;
        };
        CompilePhase_SwiftyJSON = {
            isa = PBXSourcesBuildPhase;
            files = ('__src_cc_ref_Packages/SwiftyJSON-14.2.0/Source/LclJSONSerialization.swift', '__src_cc_ref_Packages/SwiftyJSON-14.2.0/Source/SwiftyJSON.swift');
            runOnlyForDeploymentPostprocessing = 0;
        };
        '__src_cc_ref_Packages/SwiftyJSON-14.2.0/Source/LclJSONSerialization.swift' = {
            isa = PBXBuildFile;
            fileRef = '__PBXFileRef_Packages/SwiftyJSON-14.2.0/Source/LclJSONSerialization.swift';
        };
        '__src_cc_ref_Packages/SwiftyJSON-14.2.0/Source/SwiftyJSON.swift' = {
            isa = PBXBuildFile;
            fileRef = '__PBXFileRef_Packages/SwiftyJSON-14.2.0/Source/SwiftyJSON.swift';
        };
        ___LinkPhase_SwiftyJSON = {
            isa = PBXFrameworksBuildPhase;
            files = ();
            runOnlyForDeploymentPostprocessing = 0;
        };
        _______Confs_SwiftyJSON = {
            isa = XCConfigurationList;
            buildConfigurations = (___DebugConf_SwiftyJSON, _ReleaseConf_SwiftyJSON);
            defaultConfigurationIsVisible = 0;
            defaultConfigurationName = Debug;
        };
        ___DebugConf_SwiftyJSON = {
            isa = XCBuildConfiguration;
            buildSettings = { SWIFT_VERSION = '3.0'; LD_RUNPATH_SEARCH_PATHS = '$(TOOLCHAIN_DIR)/usr/lib/swift/macosx'; PRODUCT_MODULE_NAME = '$(TARGET_NAME:c99extidentifier)'; ENABLE_TESTABILITY = 'YES'; OTHER_SWIFT_FLAGS = '$(inherited)'; INFOPLIST_FILE = 'KituraPress.xcodeproj/SwiftyJSON_Info.plist'; FRAMEWORK_SEARCH_PATHS = '$(PLATFORM_DIR)/Developer/Library/Frameworks'; SWIFT_OPTIMIZATION_LEVEL = '-Onone'; PRODUCT_BUNDLE_IDENTIFIER = 'SwiftyJSON'; PRODUCT_NAME = '$(TARGET_NAME:c99extidentifier)'; OTHER_LDFLAGS = '$(inherited)'; };
            name = Debug;
        };
        _ReleaseConf_SwiftyJSON = {
            isa = XCBuildConfiguration;
            buildSettings = { SWIFT_VERSION = '3.0'; LD_RUNPATH_SEARCH_PATHS = '$(TOOLCHAIN_DIR)/usr/lib/swift/macosx'; PRODUCT_MODULE_NAME = '$(TARGET_NAME:c99extidentifier)'; ENABLE_TESTABILITY = 'YES'; OTHER_SWIFT_FLAGS = '$(inherited)'; INFOPLIST_FILE = 'KituraPress.xcodeproj/SwiftyJSON_Info.plist'; FRAMEWORK_SEARCH_PATHS = '$(PLATFORM_DIR)/Developer/Library/Frameworks'; PRODUCT_BUNDLE_IDENTIFIER = 'SwiftyJSON'; PRODUCT_NAME = '$(TARGET_NAME:c99extidentifier)'; OTHER_LDFLAGS = '$(inherited)'; };
            name = Release;
        };
        __Dependency_SwiftyJSON = {
            isa = PBXTargetDependency;
            target = ______Target_SwiftyJSON;
        };
        _______Group_KituraTemplateEngine = {
            isa = PBXGroup;
            name = 'KituraTemplateEngine';
            path = 'Packages/Kitura-TemplateEngine-0.26.0/Sources/KituraTemplateEngine';
            sourceTree = '<group>';
            children = ('__PBXFileRef_Packages/Kitura-TemplateEngine-0.26.0/Sources/KituraTemplateEngine/TemplateEngine.swift');
        };
        '__PBXFileRef_Packages/Kitura-TemplateEngine-0.26.0/Sources/KituraTemplateEngine/TemplateEngine.swift' = {
            isa = PBXFileReference;
            lastKnownFileType = sourcecode.swift;
            path = 'TemplateEngine.swift';
            sourceTree = '<group>';
        };
        ______Target_KituraTemplateEngine = {
            isa = PBXNativeTarget;
            buildConfigurationList = _______Confs_KituraTemplateEngine;
            buildPhases = (CompilePhase_KituraTemplateEngine, ___LinkPhase_KituraTemplateEngine);
            buildRules = ();
            dependencies = ();
            name = 'KituraTemplateEngine';
            productName = KituraTemplateEngine;
            productReference = _____Product_KituraTemplateEngine;
            productType = 'com.apple.product-type.framework';
        };
        _____Product_KituraTemplateEngine = {
            isa = PBXFileReference;
            explicitFileType = 'wrapper.framework';
            path = 'KituraTemplateEngine.framework';
            sourceTree = BUILT_PRODUCTS_DIR;
        };
        CompilePhase_KituraTemplateEngine = {
            isa = PBXSourcesBuildPhase;
            files = ('__src_cc_ref_Packages/Kitura-TemplateEngine-0.26.0/Sources/KituraTemplateEngine/TemplateEngine.swift');
            runOnlyForDeploymentPostprocessing = 0;
        };
        '__src_cc_ref_Packages/Kitura-TemplateEngine-0.26.0/Sources/KituraTemplateEngine/TemplateEngine.swift' = {
            isa = PBXBuildFile;
            fileRef = '__PBXFileRef_Packages/Kitura-TemplateEngine-0.26.0/Sources/KituraTemplateEngine/TemplateEngine.swift';
        };
        ___LinkPhase_KituraTemplateEngine = {
            isa = PBXFrameworksBuildPhase;
            files = ();
            runOnlyForDeploymentPostprocessing = 0;
        };
        _______Confs_KituraTemplateEngine = {
            isa = XCConfigurationList;
            buildConfigurations = (___DebugConf_KituraTemplateEngine, _ReleaseConf_KituraTemplateEngine);
            defaultConfigurationIsVisible = 0;
            defaultConfigurationName = Debug;
        };
        ___DebugConf_KituraTemplateEngine = {
            isa = XCBuildConfiguration;
            buildSettings = { SWIFT_VERSION = '3.0'; LD_RUNPATH_SEARCH_PATHS = '$(TOOLCHAIN_DIR)/usr/lib/swift/macosx'; PRODUCT_MODULE_NAME = '$(TARGET_NAME:c99extidentifier)'; ENABLE_TESTABILITY = 'YES'; OTHER_SWIFT_FLAGS = '$(inherited)'; INFOPLIST_FILE = 'KituraPress.xcodeproj/KituraTemplateEngine_Info.plist'; FRAMEWORK_SEARCH_PATHS = '$(PLATFORM_DIR)/Developer/Library/Frameworks'; SWIFT_OPTIMIZATION_LEVEL = '-Onone'; PRODUCT_BUNDLE_IDENTIFIER = 'KituraTemplateEngine'; PRODUCT_NAME = '$(TARGET_NAME:c99extidentifier)'; OTHER_LDFLAGS = '$(inherited)'; };
            name = Debug;
        };
        _ReleaseConf_KituraTemplateEngine = {
            isa = XCBuildConfiguration;
            buildSettings = { SWIFT_VERSION = '3.0'; LD_RUNPATH_SEARCH_PATHS = '$(TOOLCHAIN_DIR)/usr/lib/swift/macosx'; PRODUCT_MODULE_NAME = '$(TARGET_NAME:c99extidentifier)'; ENABLE_TESTABILITY = 'YES'; OTHER_SWIFT_FLAGS = '$(inherited)'; INFOPLIST_FILE = 'KituraPress.xcodeproj/KituraTemplateEngine_Info.plist'; FRAMEWORK_SEARCH_PATHS = '$(PLATFORM_DIR)/Developer/Library/Frameworks'; PRODUCT_BUNDLE_IDENTIFIER = 'KituraTemplateEngine'; PRODUCT_NAME = '$(TARGET_NAME:c99extidentifier)'; OTHER_LDFLAGS = '$(inherited)'; };
            name = Release;
        };
        __Dependency_KituraTemplateEngine = {
            isa = PBXTargetDependency;
            target = ______Target_KituraTemplateEngine;
        };
        _______Group_Kitura = {
            isa = PBXGroup;
            name = 'Kitura';
            path = 'Packages/Kitura-0.27.0/Sources/Kitura';
            sourceTree = '<group>';
            children = ('__PBXFileRef_Packages/Kitura-0.27.0/Sources/Kitura/Error.swift', '__PBXFileRef_Packages/Kitura-0.27.0/Sources/Kitura/FileResourceServer.swift', '__PBXFileRef_Packages/Kitura-0.27.0/Sources/Kitura/Headers.swift', '__PBXFileRef_Packages/Kitura-0.27.0/Sources/Kitura/HTTPVersion.swift', '__PBXFileRef_Packages/Kitura-0.27.0/Sources/Kitura/InternalError.swift', '__PBXFileRef_Packages/Kitura-0.27.0/Sources/Kitura/JSONPError.swift', '__PBXFileRef_Packages/Kitura-0.27.0/Sources/Kitura/Kitura.swift', '__PBXFileRef_Packages/Kitura-0.27.0/Sources/Kitura/LinkParameter.swift', '__PBXFileRef_Packages/Kitura-0.27.0/Sources/Kitura/MimeTypeAcceptor.swift', '__PBXFileRef_Packages/Kitura-0.27.0/Sources/Kitura/Router.swift', '__PBXFileRef_Packages/Kitura-0.27.0/Sources/Kitura/RouteRegex.swift', '__PBXFileRef_Packages/Kitura-0.27.0/Sources/Kitura/RouterElement.swift', '__PBXFileRef_Packages/Kitura-0.27.0/Sources/Kitura/RouterElementWalker.swift', '__PBXFileRef_Packages/Kitura-0.27.0/Sources/Kitura/RouterHandler.swift', '__PBXFileRef_Packages/Kitura-0.27.0/Sources/Kitura/RouterHTTPVerbs+Error.swift', '__PBXFileRef_Packages/Kitura-0.27.0/Sources/Kitura/RouterHTTPVerbs_generated.swift', '__PBXFileRef_Packages/Kitura-0.27.0/Sources/Kitura/RouterMethod.swift', '__PBXFileRef_Packages/Kitura-0.27.0/Sources/Kitura/RouterMiddleware.swift', '__PBXFileRef_Packages/Kitura-0.27.0/Sources/Kitura/RouterMiddlewareGenerator.swift', '__PBXFileRef_Packages/Kitura-0.27.0/Sources/Kitura/RouterMiddlewareWalker.swift', '__PBXFileRef_Packages/Kitura-0.27.0/Sources/Kitura/RouterRequest.swift', '__PBXFileRef_Packages/Kitura-0.27.0/Sources/Kitura/RouterResponse.swift', '__PBXFileRef_Packages/Kitura-0.27.0/Sources/Kitura/TemplatingError.swift', '__PBXFileRef_Packages/Kitura-0.27.0/Sources/Kitura/bodyParser/BodyParser.swift', '__PBXFileRef_Packages/Kitura-0.27.0/Sources/Kitura/bodyParser/BodyParserProtocol.swift', '__PBXFileRef_Packages/Kitura-0.27.0/Sources/Kitura/bodyParser/JSONBodyParser.swift', '__PBXFileRef_Packages/Kitura-0.27.0/Sources/Kitura/bodyParser/MultiPartBodyParser.swift', '__PBXFileRef_Packages/Kitura-0.27.0/Sources/Kitura/bodyParser/ParsedBody.swift', '__PBXFileRef_Packages/Kitura-0.27.0/Sources/Kitura/bodyParser/Part.swift', '__PBXFileRef_Packages/Kitura-0.27.0/Sources/Kitura/bodyParser/TextBodyParser.swift', '__PBXFileRef_Packages/Kitura-0.27.0/Sources/Kitura/bodyParser/URLEncodedBodyParser.swift', '__PBXFileRef_Packages/Kitura-0.27.0/Sources/Kitura/contentType/ContentType.swift', '__PBXFileRef_Packages/Kitura-0.27.0/Sources/Kitura/contentType/types.swift', '__PBXFileRef_Packages/Kitura-0.27.0/Sources/Kitura/staticFileServer/CacheRelatedHeadersSetter.swift', '__PBXFileRef_Packages/Kitura-0.27.0/Sources/Kitura/staticFileServer/CompositeHeadersSetter.swift', '__PBXFileRef_Packages/Kitura-0.27.0/Sources/Kitura/staticFileServer/FileServer.swift', '__PBXFileRef_Packages/Kitura-0.27.0/Sources/Kitura/staticFileServer/ResponseHeadersSetter.swift', '__PBXFileRef_Packages/Kitura-0.27.0/Sources/Kitura/staticFileServer/StaticFileServer.swift');
        };
        '__PBXFileRef_Packages/Kitura-0.27.0/Sources/Kitura/Error.swift' = {
            isa = PBXFileReference;
            lastKnownFileType = sourcecode.swift;
            path = 'Error.swift';
            sourceTree = '<group>';
        };
        '__PBXFileRef_Packages/Kitura-0.27.0/Sources/Kitura/FileResourceServer.swift' = {
            isa = PBXFileReference;
            lastKnownFileType = sourcecode.swift;
            path = 'FileResourceServer.swift';
            sourceTree = '<group>';
        };
        '__PBXFileRef_Packages/Kitura-0.27.0/Sources/Kitura/Headers.swift' = {
            isa = PBXFileReference;
            lastKnownFileType = sourcecode.swift;
            path = 'Headers.swift';
            sourceTree = '<group>';
        };
        '__PBXFileRef_Packages/Kitura-0.27.0/Sources/Kitura/HTTPVersion.swift' = {
            isa = PBXFileReference;
            lastKnownFileType = sourcecode.swift;
            path = 'HTTPVersion.swift';
            sourceTree = '<group>';
        };
        '__PBXFileRef_Packages/Kitura-0.27.0/Sources/Kitura/InternalError.swift' = {
            isa = PBXFileReference;
            lastKnownFileType = sourcecode.swift;
            path = 'InternalError.swift';
            sourceTree = '<group>';
        };
        '__PBXFileRef_Packages/Kitura-0.27.0/Sources/Kitura/JSONPError.swift' = {
            isa = PBXFileReference;
            lastKnownFileType = sourcecode.swift;
            path = 'JSONPError.swift';
            sourceTree = '<group>';
        };
        '__PBXFileRef_Packages/Kitura-0.27.0/Sources/Kitura/Kitura.swift' = {
            isa = PBXFileReference;
            lastKnownFileType = sourcecode.swift;
            path = 'Kitura.swift';
            sourceTree = '<group>';
        };
        '__PBXFileRef_Packages/Kitura-0.27.0/Sources/Kitura/LinkParameter.swift' = {
            isa = PBXFileReference;
            lastKnownFileType = sourcecode.swift;
            path = 'LinkParameter.swift';
            sourceTree = '<group>';
        };
        '__PBXFileRef_Packages/Kitura-0.27.0/Sources/Kitura/MimeTypeAcceptor.swift' = {
            isa = PBXFileReference;
            lastKnownFileType = sourcecode.swift;
            path = 'MimeTypeAcceptor.swift';
            sourceTree = '<group>';
        };
        '__PBXFileRef_Packages/Kitura-0.27.0/Sources/Kitura/Router.swift' = {
            isa = PBXFileReference;
            lastKnownFileType = sourcecode.swift;
            path = 'Router.swift';
            sourceTree = '<group>';
        };
        '__PBXFileRef_Packages/Kitura-0.27.0/Sources/Kitura/RouteRegex.swift' = {
            isa = PBXFileReference;
            lastKnownFileType = sourcecode.swift;
            path = 'RouteRegex.swift';
            sourceTree = '<group>';
        };
        '__PBXFileRef_Packages/Kitura-0.27.0/Sources/Kitura/RouterElement.swift' = {
            isa = PBXFileReference;
            lastKnownFileType = sourcecode.swift;
            path = 'RouterElement.swift';
            sourceTree = '<group>';
        };
        '__PBXFileRef_Packages/Kitura-0.27.0/Sources/Kitura/RouterElementWalker.swift' = {
            isa = PBXFileReference;
            lastKnownFileType = sourcecode.swift;
            path = 'RouterElementWalker.swift';
            sourceTree = '<group>';
        };
        '__PBXFileRef_Packages/Kitura-0.27.0/Sources/Kitura/RouterHandler.swift' = {
            isa = PBXFileReference;
            lastKnownFileType = sourcecode.swift;
            path = 'RouterHandler.swift';
            sourceTree = '<group>';
        };
        '__PBXFileRef_Packages/Kitura-0.27.0/Sources/Kitura/RouterHTTPVerbs+Error.swift' = {
            isa = PBXFileReference;
            lastKnownFileType = sourcecode.swift;
            path = 'RouterHTTPVerbs+Error.swift';
            sourceTree = '<group>';
        };
        '__PBXFileRef_Packages/Kitura-0.27.0/Sources/Kitura/RouterHTTPVerbs_generated.swift' = {
            isa = PBXFileReference;
            lastKnownFileType = sourcecode.swift;
            path = 'RouterHTTPVerbs_generated.swift';
            sourceTree = '<group>';
        };
        '__PBXFileRef_Packages/Kitura-0.27.0/Sources/Kitura/RouterMethod.swift' = {
            isa = PBXFileReference;
            lastKnownFileType = sourcecode.swift;
            path = 'RouterMethod.swift';
            sourceTree = '<group>';
        };
        '__PBXFileRef_Packages/Kitura-0.27.0/Sources/Kitura/RouterMiddleware.swift' = {
            isa = PBXFileReference;
            lastKnownFileType = sourcecode.swift;
            path = 'RouterMiddleware.swift';
            sourceTree = '<group>';
        };
        '__PBXFileRef_Packages/Kitura-0.27.0/Sources/Kitura/RouterMiddlewareGenerator.swift' = {
            isa = PBXFileReference;
            lastKnownFileType = sourcecode.swift;
            path = 'RouterMiddlewareGenerator.swift';
            sourceTree = '<group>';
        };
        '__PBXFileRef_Packages/Kitura-0.27.0/Sources/Kitura/RouterMiddlewareWalker.swift' = {
            isa = PBXFileReference;
            lastKnownFileType = sourcecode.swift;
            path = 'RouterMiddlewareWalker.swift';
            sourceTree = '<group>';
        };
        '__PBXFileRef_Packages/Kitura-0.27.0/Sources/Kitura/RouterRequest.swift' = {
            isa = PBXFileReference;
            lastKnownFileType = sourcecode.swift;
            path = 'RouterRequest.swift';
            sourceTree = '<group>';
        };
        '__PBXFileRef_Packages/Kitura-0.27.0/Sources/Kitura/RouterResponse.swift' = {
            isa = PBXFileReference;
            lastKnownFileType = sourcecode.swift;
            path = 'RouterResponse.swift';
            sourceTree = '<group>';
        };
        '__PBXFileRef_Packages/Kitura-0.27.0/Sources/Kitura/TemplatingError.swift' = {
            isa = PBXFileReference;
            lastKnownFileType = sourcecode.swift;
            path = 'TemplatingError.swift';
            sourceTree = '<group>';
        };
        '__PBXFileRef_Packages/Kitura-0.27.0/Sources/Kitura/bodyParser/BodyParser.swift' = {
            isa = PBXFileReference;
            lastKnownFileType = sourcecode.swift;
            path = 'bodyParser/BodyParser.swift';
            sourceTree = '<group>';
        };
        '__PBXFileRef_Packages/Kitura-0.27.0/Sources/Kitura/bodyParser/BodyParserProtocol.swift' = {
            isa = PBXFileReference;
            lastKnownFileType = sourcecode.swift;
            path = 'bodyParser/BodyParserProtocol.swift';
            sourceTree = '<group>';
        };
        '__PBXFileRef_Packages/Kitura-0.27.0/Sources/Kitura/bodyParser/JSONBodyParser.swift' = {
            isa = PBXFileReference;
            lastKnownFileType = sourcecode.swift;
            path = 'bodyParser/JSONBodyParser.swift';
            sourceTree = '<group>';
        };
        '__PBXFileRef_Packages/Kitura-0.27.0/Sources/Kitura/bodyParser/MultiPartBodyParser.swift' = {
            isa = PBXFileReference;
            lastKnownFileType = sourcecode.swift;
            path = 'bodyParser/MultiPartBodyParser.swift';
            sourceTree = '<group>';
        };
        '__PBXFileRef_Packages/Kitura-0.27.0/Sources/Kitura/bodyParser/ParsedBody.swift' = {
            isa = PBXFileReference;
            lastKnownFileType = sourcecode.swift;
            path = 'bodyParser/ParsedBody.swift';
            sourceTree = '<group>';
        };
        '__PBXFileRef_Packages/Kitura-0.27.0/Sources/Kitura/bodyParser/Part.swift' = {
            isa = PBXFileReference;
            lastKnownFileType = sourcecode.swift;
            path = 'bodyParser/Part.swift';
            sourceTree = '<group>';
        };
        '__PBXFileRef_Packages/Kitura-0.27.0/Sources/Kitura/bodyParser/TextBodyParser.swift' = {
            isa = PBXFileReference;
            lastKnownFileType = sourcecode.swift;
            path = 'bodyParser/TextBodyParser.swift';
            sourceTree = '<group>';
        };
        '__PBXFileRef_Packages/Kitura-0.27.0/Sources/Kitura/bodyParser/URLEncodedBodyParser.swift' = {
            isa = PBXFileReference;
            lastKnownFileType = sourcecode.swift;
            path = 'bodyParser/URLEncodedBodyParser.swift';
            sourceTree = '<group>';
        };
        '__PBXFileRef_Packages/Kitura-0.27.0/Sources/Kitura/contentType/ContentType.swift' = {
            isa = PBXFileReference;
            lastKnownFileType = sourcecode.swift;
            path = 'contentType/ContentType.swift';
            sourceTree = '<group>';
        };
        '__PBXFileRef_Packages/Kitura-0.27.0/Sources/Kitura/contentType/types.swift' = {
            isa = PBXFileReference;
            lastKnownFileType = sourcecode.swift;
            path = 'contentType/types.swift';
            sourceTree = '<group>';
        };
        '__PBXFileRef_Packages/Kitura-0.27.0/Sources/Kitura/staticFileServer/CacheRelatedHeadersSetter.swift' = {
            isa = PBXFileReference;
            lastKnownFileType = sourcecode.swift;
            path = 'staticFileServer/CacheRelatedHeadersSetter.swift';
            sourceTree = '<group>';
        };
        '__PBXFileRef_Packages/Kitura-0.27.0/Sources/Kitura/staticFileServer/CompositeHeadersSetter.swift' = {
            isa = PBXFileReference;
            lastKnownFileType = sourcecode.swift;
            path = 'staticFileServer/CompositeHeadersSetter.swift';
            sourceTree = '<group>';
        };
        '__PBXFileRef_Packages/Kitura-0.27.0/Sources/Kitura/staticFileServer/FileServer.swift' = {
            isa = PBXFileReference;
            lastKnownFileType = sourcecode.swift;
            path = 'staticFileServer/FileServer.swift';
            sourceTree = '<group>';
        };
        '__PBXFileRef_Packages/Kitura-0.27.0/Sources/Kitura/staticFileServer/ResponseHeadersSetter.swift' = {
            isa = PBXFileReference;
            lastKnownFileType = sourcecode.swift;
            path = 'staticFileServer/ResponseHeadersSetter.swift';
            sourceTree = '<group>';
        };
        '__PBXFileRef_Packages/Kitura-0.27.0/Sources/Kitura/staticFileServer/StaticFileServer.swift' = {
            isa = PBXFileReference;
            lastKnownFileType = sourcecode.swift;
            path = 'staticFileServer/StaticFileServer.swift';
            sourceTree = '<group>';
        };
        ______Target_Kitura = {
            isa = PBXNativeTarget;
            buildConfigurationList = _______Confs_Kitura;
            buildPhases = (CompilePhase_Kitura, ___LinkPhase_Kitura);
            buildRules = ();
            dependencies = (__Dependency_LoggerAPI, __Dependency_KituraSys, __Dependency_Socket, __Dependency_CHTTPParser, __Dependency_KituraNet, __Dependency_SwiftyJSON, __Dependency_KituraTemplateEngine);
            name = 'Kitura';
            productName = Kitura;
            productReference = _____Product_Kitura;
            productType = 'com.apple.product-type.framework';
        };
        _____Product_Kitura = {
            isa = PBXFileReference;
            explicitFileType = 'wrapper.framework';
            path = 'Kitura.framework';
            sourceTree = BUILT_PRODUCTS_DIR;
        };
        CompilePhase_Kitura = {
            isa = PBXSourcesBuildPhase;
            files = ('__src_cc_ref_Packages/Kitura-0.27.0/Sources/Kitura/Error.swift', '__src_cc_ref_Packages/Kitura-0.27.0/Sources/Kitura/FileResourceServer.swift', '__src_cc_ref_Packages/Kitura-0.27.0/Sources/Kitura/Headers.swift', '__src_cc_ref_Packages/Kitura-0.27.0/Sources/Kitura/HTTPVersion.swift', '__src_cc_ref_Packages/Kitura-0.27.0/Sources/Kitura/InternalError.swift', '__src_cc_ref_Packages/Kitura-0.27.0/Sources/Kitura/JSONPError.swift', '__src_cc_ref_Packages/Kitura-0.27.0/Sources/Kitura/Kitura.swift', '__src_cc_ref_Packages/Kitura-0.27.0/Sources/Kitura/LinkParameter.swift', '__src_cc_ref_Packages/Kitura-0.27.0/Sources/Kitura/MimeTypeAcceptor.swift', '__src_cc_ref_Packages/Kitura-0.27.0/Sources/Kitura/Router.swift', '__src_cc_ref_Packages/Kitura-0.27.0/Sources/Kitura/RouteRegex.swift', '__src_cc_ref_Packages/Kitura-0.27.0/Sources/Kitura/RouterElement.swift', '__src_cc_ref_Packages/Kitura-0.27.0/Sources/Kitura/RouterElementWalker.swift', '__src_cc_ref_Packages/Kitura-0.27.0/Sources/Kitura/RouterHandler.swift', '__src_cc_ref_Packages/Kitura-0.27.0/Sources/Kitura/RouterHTTPVerbs+Error.swift', '__src_cc_ref_Packages/Kitura-0.27.0/Sources/Kitura/RouterHTTPVerbs_generated.swift', '__src_cc_ref_Packages/Kitura-0.27.0/Sources/Kitura/RouterMethod.swift', '__src_cc_ref_Packages/Kitura-0.27.0/Sources/Kitura/RouterMiddleware.swift', '__src_cc_ref_Packages/Kitura-0.27.0/Sources/Kitura/RouterMiddlewareGenerator.swift', '__src_cc_ref_Packages/Kitura-0.27.0/Sources/Kitura/RouterMiddlewareWalker.swift', '__src_cc_ref_Packages/Kitura-0.27.0/Sources/Kitura/RouterRequest.swift', '__src_cc_ref_Packages/Kitura-0.27.0/Sources/Kitura/RouterResponse.swift', '__src_cc_ref_Packages/Kitura-0.27.0/Sources/Kitura/TemplatingError.swift', '__src_cc_ref_Packages/Kitura-0.27.0/Sources/Kitura/bodyParser/BodyParser.swift', '__src_cc_ref_Packages/Kitura-0.27.0/Sources/Kitura/bodyParser/BodyParserProtocol.swift', '__src_cc_ref_Packages/Kitura-0.27.0/Sources/Kitura/bodyParser/JSONBodyParser.swift', '__src_cc_ref_Packages/Kitura-0.27.0/Sources/Kitura/bodyParser/MultiPartBodyParser.swift', '__src_cc_ref_Packages/Kitura-0.27.0/Sources/Kitura/bodyParser/ParsedBody.swift', '__src_cc_ref_Packages/Kitura-0.27.0/Sources/Kitura/bodyParser/Part.swift', '__src_cc_ref_Packages/Kitura-0.27.0/Sources/Kitura/bodyParser/TextBodyParser.swift', '__src_cc_ref_Packages/Kitura-0.27.0/Sources/Kitura/bodyParser/URLEncodedBodyParser.swift', '__src_cc_ref_Packages/Kitura-0.27.0/Sources/Kitura/contentType/ContentType.swift', '__src_cc_ref_Packages/Kitura-0.27.0/Sources/Kitura/contentType/types.swift', '__src_cc_ref_Packages/Kitura-0.27.0/Sources/Kitura/staticFileServer/CacheRelatedHeadersSetter.swift', '__src_cc_ref_Packages/Kitura-0.27.0/Sources/Kitura/staticFileServer/CompositeHeadersSetter.swift', '__src_cc_ref_Packages/Kitura-0.27.0/Sources/Kitura/staticFileServer/FileServer.swift', '__src_cc_ref_Packages/Kitura-0.27.0/Sources/Kitura/staticFileServer/ResponseHeadersSetter.swift', '__src_cc_ref_Packages/Kitura-0.27.0/Sources/Kitura/staticFileServer/StaticFileServer.swift');
            runOnlyForDeploymentPostprocessing = 0;
        };
        '__src_cc_ref_Packages/Kitura-0.27.0/Sources/Kitura/Error.swift' = {
            isa = PBXBuildFile;
            fileRef = '__PBXFileRef_Packages/Kitura-0.27.0/Sources/Kitura/Error.swift';
        };
        '__src_cc_ref_Packages/Kitura-0.27.0/Sources/Kitura/FileResourceServer.swift' = {
            isa = PBXBuildFile;
            fileRef = '__PBXFileRef_Packages/Kitura-0.27.0/Sources/Kitura/FileResourceServer.swift';
        };
        '__src_cc_ref_Packages/Kitura-0.27.0/Sources/Kitura/Headers.swift' = {
            isa = PBXBuildFile;
            fileRef = '__PBXFileRef_Packages/Kitura-0.27.0/Sources/Kitura/Headers.swift';
        };
        '__src_cc_ref_Packages/Kitura-0.27.0/Sources/Kitura/HTTPVersion.swift' = {
            isa = PBXBuildFile;
            fileRef = '__PBXFileRef_Packages/Kitura-0.27.0/Sources/Kitura/HTTPVersion.swift';
        };
        '__src_cc_ref_Packages/Kitura-0.27.0/Sources/Kitura/InternalError.swift' = {
            isa = PBXBuildFile;
            fileRef = '__PBXFileRef_Packages/Kitura-0.27.0/Sources/Kitura/InternalError.swift';
        };
        '__src_cc_ref_Packages/Kitura-0.27.0/Sources/Kitura/JSONPError.swift' = {
            isa = PBXBuildFile;
            fileRef = '__PBXFileRef_Packages/Kitura-0.27.0/Sources/Kitura/JSONPError.swift';
        };
        '__src_cc_ref_Packages/Kitura-0.27.0/Sources/Kitura/Kitura.swift' = {
            isa = PBXBuildFile;
            fileRef = '__PBXFileRef_Packages/Kitura-0.27.0/Sources/Kitura/Kitura.swift';
        };
        '__src_cc_ref_Packages/Kitura-0.27.0/Sources/Kitura/LinkParameter.swift' = {
            isa = PBXBuildFile;
            fileRef = '__PBXFileRef_Packages/Kitura-0.27.0/Sources/Kitura/LinkParameter.swift';
        };
        '__src_cc_ref_Packages/Kitura-0.27.0/Sources/Kitura/MimeTypeAcceptor.swift' = {
            isa = PBXBuildFile;
            fileRef = '__PBXFileRef_Packages/Kitura-0.27.0/Sources/Kitura/MimeTypeAcceptor.swift';
        };
        '__src_cc_ref_Packages/Kitura-0.27.0/Sources/Kitura/Router.swift' = {
            isa = PBXBuildFile;
            fileRef = '__PBXFileRef_Packages/Kitura-0.27.0/Sources/Kitura/Router.swift';
        };
        '__src_cc_ref_Packages/Kitura-0.27.0/Sources/Kitura/RouteRegex.swift' = {
            isa = PBXBuildFile;
            fileRef = '__PBXFileRef_Packages/Kitura-0.27.0/Sources/Kitura/RouteRegex.swift';
        };
        '__src_cc_ref_Packages/Kitura-0.27.0/Sources/Kitura/RouterElement.swift' = {
            isa = PBXBuildFile;
            fileRef = '__PBXFileRef_Packages/Kitura-0.27.0/Sources/Kitura/RouterElement.swift';
        };
        '__src_cc_ref_Packages/Kitura-0.27.0/Sources/Kitura/RouterElementWalker.swift' = {
            isa = PBXBuildFile;
            fileRef = '__PBXFileRef_Packages/Kitura-0.27.0/Sources/Kitura/RouterElementWalker.swift';
        };
        '__src_cc_ref_Packages/Kitura-0.27.0/Sources/Kitura/RouterHandler.swift' = {
            isa = PBXBuildFile;
            fileRef = '__PBXFileRef_Packages/Kitura-0.27.0/Sources/Kitura/RouterHandler.swift';
        };
        '__src_cc_ref_Packages/Kitura-0.27.0/Sources/Kitura/RouterHTTPVerbs+Error.swift' = {
            isa = PBXBuildFile;
            fileRef = '__PBXFileRef_Packages/Kitura-0.27.0/Sources/Kitura/RouterHTTPVerbs+Error.swift';
        };
        '__src_cc_ref_Packages/Kitura-0.27.0/Sources/Kitura/RouterHTTPVerbs_generated.swift' = {
            isa = PBXBuildFile;
            fileRef = '__PBXFileRef_Packages/Kitura-0.27.0/Sources/Kitura/RouterHTTPVerbs_generated.swift';
        };
        '__src_cc_ref_Packages/Kitura-0.27.0/Sources/Kitura/RouterMethod.swift' = {
            isa = PBXBuildFile;
            fileRef = '__PBXFileRef_Packages/Kitura-0.27.0/Sources/Kitura/RouterMethod.swift';
        };
        '__src_cc_ref_Packages/Kitura-0.27.0/Sources/Kitura/RouterMiddleware.swift' = {
            isa = PBXBuildFile;
            fileRef = '__PBXFileRef_Packages/Kitura-0.27.0/Sources/Kitura/RouterMiddleware.swift';
        };
        '__src_cc_ref_Packages/Kitura-0.27.0/Sources/Kitura/RouterMiddlewareGenerator.swift' = {
            isa = PBXBuildFile;
            fileRef = '__PBXFileRef_Packages/Kitura-0.27.0/Sources/Kitura/RouterMiddlewareGenerator.swift';
        };
        '__src_cc_ref_Packages/Kitura-0.27.0/Sources/Kitura/RouterMiddlewareWalker.swift' = {
            isa = PBXBuildFile;
            fileRef = '__PBXFileRef_Packages/Kitura-0.27.0/Sources/Kitura/RouterMiddlewareWalker.swift';
        };
        '__src_cc_ref_Packages/Kitura-0.27.0/Sources/Kitura/RouterRequest.swift' = {
            isa = PBXBuildFile;
            fileRef = '__PBXFileRef_Packages/Kitura-0.27.0/Sources/Kitura/RouterRequest.swift';
        };
        '__src_cc_ref_Packages/Kitura-0.27.0/Sources/Kitura/RouterResponse.swift' = {
            isa = PBXBuildFile;
            fileRef = '__PBXFileRef_Packages/Kitura-0.27.0/Sources/Kitura/RouterResponse.swift';
        };
        '__src_cc_ref_Packages/Kitura-0.27.0/Sources/Kitura/TemplatingError.swift' = {
            isa = PBXBuildFile;
            fileRef = '__PBXFileRef_Packages/Kitura-0.27.0/Sources/Kitura/TemplatingError.swift';
        };
        '__src_cc_ref_Packages/Kitura-0.27.0/Sources/Kitura/bodyParser/BodyParser.swift' = {
            isa = PBXBuildFile;
            fileRef = '__PBXFileRef_Packages/Kitura-0.27.0/Sources/Kitura/bodyParser/BodyParser.swift';
        };
        '__src_cc_ref_Packages/Kitura-0.27.0/Sources/Kitura/bodyParser/BodyParserProtocol.swift' = {
            isa = PBXBuildFile;
            fileRef = '__PBXFileRef_Packages/Kitura-0.27.0/Sources/Kitura/bodyParser/BodyParserProtocol.swift';
        };
        '__src_cc_ref_Packages/Kitura-0.27.0/Sources/Kitura/bodyParser/JSONBodyParser.swift' = {
            isa = PBXBuildFile;
            fileRef = '__PBXFileRef_Packages/Kitura-0.27.0/Sources/Kitura/bodyParser/JSONBodyParser.swift';
        };
        '__src_cc_ref_Packages/Kitura-0.27.0/Sources/Kitura/bodyParser/MultiPartBodyParser.swift' = {
            isa = PBXBuildFile;
            fileRef = '__PBXFileRef_Packages/Kitura-0.27.0/Sources/Kitura/bodyParser/MultiPartBodyParser.swift';
        };
        '__src_cc_ref_Packages/Kitura-0.27.0/Sources/Kitura/bodyParser/ParsedBody.swift' = {
            isa = PBXBuildFile;
            fileRef = '__PBXFileRef_Packages/Kitura-0.27.0/Sources/Kitura/bodyParser/ParsedBody.swift';
        };
        '__src_cc_ref_Packages/Kitura-0.27.0/Sources/Kitura/bodyParser/Part.swift' = {
            isa = PBXBuildFile;
            fileRef = '__PBXFileRef_Packages/Kitura-0.27.0/Sources/Kitura/bodyParser/Part.swift';
        };
        '__src_cc_ref_Packages/Kitura-0.27.0/Sources/Kitura/bodyParser/TextBodyParser.swift' = {
            isa = PBXBuildFile;
            fileRef = '__PBXFileRef_Packages/Kitura-0.27.0/Sources/Kitura/bodyParser/TextBodyParser.swift';
        };
        '__src_cc_ref_Packages/Kitura-0.27.0/Sources/Kitura/bodyParser/URLEncodedBodyParser.swift' = {
            isa = PBXBuildFile;
            fileRef = '__PBXFileRef_Packages/Kitura-0.27.0/Sources/Kitura/bodyParser/URLEncodedBodyParser.swift';
        };
        '__src_cc_ref_Packages/Kitura-0.27.0/Sources/Kitura/contentType/ContentType.swift' = {
            isa = PBXBuildFile;
            fileRef = '__PBXFileRef_Packages/Kitura-0.27.0/Sources/Kitura/contentType/ContentType.swift';
        };
        '__src_cc_ref_Packages/Kitura-0.27.0/Sources/Kitura/contentType/types.swift' = {
            isa = PBXBuildFile;
            fileRef = '__PBXFileRef_Packages/Kitura-0.27.0/Sources/Kitura/contentType/types.swift';
        };
        '__src_cc_ref_Packages/Kitura-0.27.0/Sources/Kitura/staticFileServer/CacheRelatedHeadersSetter.swift' = {
            isa = PBXBuildFile;
            fileRef = '__PBXFileRef_Packages/Kitura-0.27.0/Sources/Kitura/staticFileServer/CacheRelatedHeadersSetter.swift';
        };
        '__src_cc_ref_Packages/Kitura-0.27.0/Sources/Kitura/staticFileServer/CompositeHeadersSetter.swift' = {
            isa = PBXBuildFile;
            fileRef = '__PBXFileRef_Packages/Kitura-0.27.0/Sources/Kitura/staticFileServer/CompositeHeadersSetter.swift';
        };
        '__src_cc_ref_Packages/Kitura-0.27.0/Sources/Kitura/staticFileServer/FileServer.swift' = {
            isa = PBXBuildFile;
            fileRef = '__PBXFileRef_Packages/Kitura-0.27.0/Sources/Kitura/staticFileServer/FileServer.swift';
        };
        '__src_cc_ref_Packages/Kitura-0.27.0/Sources/Kitura/staticFileServer/ResponseHeadersSetter.swift' = {
            isa = PBXBuildFile;
            fileRef = '__PBXFileRef_Packages/Kitura-0.27.0/Sources/Kitura/staticFileServer/ResponseHeadersSetter.swift';
        };
        '__src_cc_ref_Packages/Kitura-0.27.0/Sources/Kitura/staticFileServer/StaticFileServer.swift' = {
            isa = PBXBuildFile;
            fileRef = '__PBXFileRef_Packages/Kitura-0.27.0/Sources/Kitura/staticFileServer/StaticFileServer.swift';
        };
        ___LinkPhase_Kitura = {
            isa = PBXFrameworksBuildPhase;
            files = (_LinkFileRef_LoggerAPI_via_Kitura, _LinkFileRef_KituraSys_via_Kitura, _LinkFileRef_Socket_via_Kitura, _LinkFileRef_CHTTPParser_via_Kitura, _LinkFileRef_KituraNet_via_Kitura, _LinkFileRef_SwiftyJSON_via_Kitura, _LinkFileRef_KituraTemplateEngine_via_Kitura);
            runOnlyForDeploymentPostprocessing = 0;
        };
        _LinkFileRef_LoggerAPI_via_Kitura = {
            isa = PBXBuildFile;
            fileRef = _____Product_LoggerAPI;
        };
        _LinkFileRef_KituraSys_via_Kitura = {
            isa = PBXBuildFile;
            fileRef = _____Product_KituraSys;
        };
        _LinkFileRef_Socket_via_Kitura = {
            isa = PBXBuildFile;
            fileRef = _____Product_Socket;
        };
        _LinkFileRef_CHTTPParser_via_Kitura = {
            isa = PBXBuildFile;
            fileRef = _____Product_CHTTPParser;
        };
        _LinkFileRef_KituraNet_via_Kitura = {
            isa = PBXBuildFile;
            fileRef = _____Product_KituraNet;
        };
        _LinkFileRef_SwiftyJSON_via_Kitura = {
            isa = PBXBuildFile;
            fileRef = _____Product_SwiftyJSON;
        };
        _LinkFileRef_KituraTemplateEngine_via_Kitura = {
            isa = PBXBuildFile;
            fileRef = _____Product_KituraTemplateEngine;
        };
        _______Confs_Kitura = {
            isa = XCConfigurationList;
            buildConfigurations = (___DebugConf_Kitura, _ReleaseConf_Kitura);
            defaultConfigurationIsVisible = 0;
            defaultConfigurationName = Debug;
        };
        ___DebugConf_Kitura = {
            isa = XCBuildConfiguration;
            buildSettings = { SWIFT_VERSION = '3.0'; LD_RUNPATH_SEARCH_PATHS = '$(TOOLCHAIN_DIR)/usr/lib/swift/macosx'; PRODUCT_MODULE_NAME = '$(TARGET_NAME:c99extidentifier)'; ENABLE_TESTABILITY = 'YES'; OTHER_SWIFT_FLAGS = '$(inherited)'; INFOPLIST_FILE = 'KituraPress.xcodeproj/Kitura_Info.plist'; FRAMEWORK_SEARCH_PATHS = '$(PLATFORM_DIR)/Developer/Library/Frameworks'; SWIFT_OPTIMIZATION_LEVEL = '-Onone'; HEADER_SEARCH_PATHS = '/Users/Ryan/Developer/macOS/Linux-Server-Side-Swift-Benchmarking/KituraJSON/Packages/CCurl-0.2.1 /Users/Ryan/Developer/macOS/Linux-Server-Side-Swift-Benchmarking/KituraJSON/Packages/CHTTPParser-0.3.0/Sources/CHTTPParser/include'; PRODUCT_BUNDLE_IDENTIFIER = 'Kitura'; PRODUCT_NAME = '$(TARGET_NAME:c99extidentifier)'; OTHER_LDFLAGS = '$(inherited)'; };
            name = Debug;
        };
        _ReleaseConf_Kitura = {
            isa = XCBuildConfiguration;
            buildSettings = { SWIFT_VERSION = '3.0'; LD_RUNPATH_SEARCH_PATHS = '$(TOOLCHAIN_DIR)/usr/lib/swift/macosx'; PRODUCT_MODULE_NAME = '$(TARGET_NAME:c99extidentifier)'; ENABLE_TESTABILITY = 'YES'; OTHER_SWIFT_FLAGS = '$(inherited)'; INFOPLIST_FILE = 'KituraPress.xcodeproj/Kitura_Info.plist'; FRAMEWORK_SEARCH_PATHS = '$(PLATFORM_DIR)/Developer/Library/Frameworks'; HEADER_SEARCH_PATHS = '/Users/Ryan/Developer/macOS/Linux-Server-Side-Swift-Benchmarking/KituraJSON/Packages/CCurl-0.2.1 /Users/Ryan/Developer/macOS/Linux-Server-Side-Swift-Benchmarking/KituraJSON/Packages/CHTTPParser-0.3.0/Sources/CHTTPParser/include'; PRODUCT_BUNDLE_IDENTIFIER = 'Kitura'; PRODUCT_NAME = '$(TARGET_NAME:c99extidentifier)'; OTHER_LDFLAGS = '$(inherited)'; };
            name = Release;
        };
        __Dependency_Kitura = {
            isa = PBXTargetDependency;
            target = ______Target_Kitura;
        };
        _______Group_KituraPress = {
            isa = PBXGroup;
            name = 'KituraPress';
            path = 'Sources';
            sourceTree = '<group>';
            children = ('__PBXFileRef_Sources/JSONGenerator.swift', '__PBXFileRef_Sources/main.swift');
        };
        '__PBXFileRef_Sources/JSONGenerator.swift' = {
            isa = PBXFileReference;
            lastKnownFileType = sourcecode.swift;
            path = 'JSONGenerator.swift';
            sourceTree = '<group>';
        };
        '__PBXFileRef_Sources/main.swift' = {
            isa = PBXFileReference;
            lastKnownFileType = sourcecode.swift;
            path = 'main.swift';
            sourceTree = '<group>';
        };
        ______Target_KituraPress = {
            isa = PBXNativeTarget;
            buildConfigurationList = _______Confs_KituraPress;
            buildPhases = (CompilePhase_KituraPress, ___LinkPhase_KituraPress);
            buildRules = ();
            dependencies = (__Dependency_LoggerAPI, __Dependency_KituraSys, __Dependency_Socket, __Dependency_CHTTPParser, __Dependency_KituraNet, __Dependency_SwiftyJSON, __Dependency_KituraTemplateEngine, __Dependency_Kitura);
            name = 'KituraPress';
            productName = KituraPress;
            productReference = _____Product_KituraPress;
            productType = 'com.apple.product-type.tool';
        };
        _____Product_KituraPress = {
            isa = PBXFileReference;
            explicitFileType = 'compiled.mach-o.executable';
            path = 'KituraPress';
            sourceTree = BUILT_PRODUCTS_DIR;
        };
        CompilePhase_KituraPress = {
            isa = PBXSourcesBuildPhase;
            files = ('__src_cc_ref_Sources/JSONGenerator.swift', '__src_cc_ref_Sources/main.swift');
            runOnlyForDeploymentPostprocessing = 0;
        };
        '__src_cc_ref_Sources/JSONGenerator.swift' = {
            isa = PBXBuildFile;
            fileRef = '__PBXFileRef_Sources/JSONGenerator.swift';
        };
        '__src_cc_ref_Sources/main.swift' = {
            isa = PBXBuildFile;
            fileRef = '__PBXFileRef_Sources/main.swift';
        };
        ___LinkPhase_KituraPress = {
            isa = PBXFrameworksBuildPhase;
            files = (_LinkFileRef_LoggerAPI_via_KituraPress, _LinkFileRef_KituraSys_via_KituraPress, _LinkFileRef_Socket_via_KituraPress, _LinkFileRef_CHTTPParser_via_KituraPress, _LinkFileRef_KituraNet_via_KituraPress, _LinkFileRef_SwiftyJSON_via_KituraPress, _LinkFileRef_KituraTemplateEngine_via_KituraPress, _LinkFileRef_Kitura_via_KituraPress);
            runOnlyForDeploymentPostprocessing = 0;
        };
        _LinkFileRef_LoggerAPI_via_KituraPress = {
            isa = PBXBuildFile;
            fileRef = _____Product_LoggerAPI;
        };
        _LinkFileRef_KituraSys_via_KituraPress = {
            isa = PBXBuildFile;
            fileRef = _____Product_KituraSys;
        };
        _LinkFileRef_Socket_via_KituraPress = {
            isa = PBXBuildFile;
            fileRef = _____Product_Socket;
        };
        _LinkFileRef_CHTTPParser_via_KituraPress = {
            isa = PBXBuildFile;
            fileRef = _____Product_CHTTPParser;
        };
        _LinkFileRef_KituraNet_via_KituraPress = {
            isa = PBXBuildFile;
            fileRef = _____Product_KituraNet;
        };
        _LinkFileRef_SwiftyJSON_via_KituraPress = {
            isa = PBXBuildFile;
            fileRef = _____Product_SwiftyJSON;
        };
        _LinkFileRef_KituraTemplateEngine_via_KituraPress = {
            isa = PBXBuildFile;
            fileRef = _____Product_KituraTemplateEngine;
        };
        _LinkFileRef_Kitura_via_KituraPress = {
            isa = PBXBuildFile;
            fileRef = _____Product_Kitura;
        };
        _______Confs_KituraPress = {
            isa = XCConfigurationList;
            buildConfigurations = (___DebugConf_KituraPress, _ReleaseConf_KituraPress);
            defaultConfigurationIsVisible = 0;
            defaultConfigurationName = Debug;
        };
        ___DebugConf_KituraPress = {
            isa = XCBuildConfiguration;
            buildSettings = { LD_RUNPATH_SEARCH_PATHS = '$(TOOLCHAIN_DIR)/usr/lib/swift/macosx @executable_path'; FRAMEWORK_SEARCH_PATHS = '$(PLATFORM_DIR)/Developer/Library/Frameworks'; HEADER_SEARCH_PATHS = '/Users/Ryan/Developer/macOS/Linux-Server-Side-Swift-Benchmarking/KituraJSON/Packages/CCurl-0.2.1 /Users/Ryan/Developer/macOS/Linux-Server-Side-Swift-Benchmarking/KituraJSON/Packages/CHTTPParser-0.3.0/Sources/CHTTPParser/include'; OTHER_SWIFT_FLAGS = '$(inherited)'; SWIFT_FORCE_STATIC_LINK_STDLIB = 'NO'; SWIFT_FORCE_DYNAMIC_LINK_STDLIB = 'YES'; SWIFT_OPTIMIZATION_LEVEL = '-Onone'; OTHER_LDFLAGS = '$(inherited)'; SWIFT_VERSION = '3.0'; };
            name = Debug;
        };
        _ReleaseConf_KituraPress = {
            isa = XCBuildConfiguration;
            buildSettings = { LD_RUNPATH_SEARCH_PATHS = '$(TOOLCHAIN_DIR)/usr/lib/swift/macosx @executable_path'; FRAMEWORK_SEARCH_PATHS = '$(PLATFORM_DIR)/Developer/Library/Frameworks'; HEADER_SEARCH_PATHS = '/Users/Ryan/Developer/macOS/Linux-Server-Side-Swift-Benchmarking/KituraJSON/Packages/CCurl-0.2.1 /Users/Ryan/Developer/macOS/Linux-Server-Side-Swift-Benchmarking/KituraJSON/Packages/CHTTPParser-0.3.0/Sources/CHTTPParser/include'; OTHER_SWIFT_FLAGS = '$(inherited)'; SWIFT_FORCE_STATIC_LINK_STDLIB = 'NO'; SWIFT_FORCE_DYNAMIC_LINK_STDLIB = 'YES'; OTHER_LDFLAGS = '$(inherited)'; SWIFT_VERSION = '3.0'; };
            name = Release;
        };
        __Dependency_KituraPress = {
            isa = PBXTargetDependency;
            target = ______Target_KituraPress;
        };
        _______Group_KituraPressTests = {
            isa = PBXGroup;
            name = 'KituraPressTests';
            path = 'Tests/KituraPressTests';
            sourceTree = '<group>';
            children = ('__PBXFileRef_Tests/KituraPressTests/KituraPressTests.swift');
        };
        '__PBXFileRef_Tests/KituraPressTests/KituraPressTests.swift' = {
            isa = PBXFileReference;
            lastKnownFileType = sourcecode.swift;
            path = 'KituraPressTests.swift';
            sourceTree = '<group>';
        };
        ______Target_KituraPressTests = {
            isa = PBXNativeTarget;
            buildConfigurationList = _______Confs_KituraPressTests;
            buildPhases = (CompilePhase_KituraPressTests, ___LinkPhase_KituraPressTests);
            buildRules = ();
            dependencies = (__Dependency_LoggerAPI, __Dependency_KituraSys, __Dependency_Socket, __Dependency_CHTTPParser, __Dependency_KituraNet, __Dependency_SwiftyJSON, __Dependency_KituraTemplateEngine, __Dependency_Kitura, __Dependency_KituraPress);
            name = 'KituraPressTests';
            productName = KituraPressTests;
            productReference = _____Product_KituraPressTests;
            productType = 'com.apple.product-type.bundle.unit-test';
        };
        _____Product_KituraPressTests = {
            isa = PBXFileReference;
            explicitFileType = 'compiled.mach-o.wrapper.cfbundle';
            path = 'KituraPressTests.xctest';
            sourceTree = BUILT_PRODUCTS_DIR;
        };
        CompilePhase_KituraPressTests = {
            isa = PBXSourcesBuildPhase;
            files = ('__src_cc_ref_Tests/KituraPressTests/KituraPressTests.swift');
            runOnlyForDeploymentPostprocessing = 0;
        };
        '__src_cc_ref_Tests/KituraPressTests/KituraPressTests.swift' = {
            isa = PBXBuildFile;
            fileRef = '__PBXFileRef_Tests/KituraPressTests/KituraPressTests.swift';
        };
        ___LinkPhase_KituraPressTests = {
            isa = PBXFrameworksBuildPhase;
            files = (_LinkFileRef_LoggerAPI_via_KituraPressTests, _LinkFileRef_KituraSys_via_KituraPressTests, _LinkFileRef_Socket_via_KituraPressTests, _LinkFileRef_CHTTPParser_via_KituraPressTests, _LinkFileRef_KituraNet_via_KituraPressTests, _LinkFileRef_SwiftyJSON_via_KituraPressTests, _LinkFileRef_KituraTemplateEngine_via_KituraPressTests, _LinkFileRef_Kitura_via_KituraPressTests, _LinkFileRef_KituraPress_via_KituraPressTests);
            runOnlyForDeploymentPostprocessing = 0;
        };
        _LinkFileRef_LoggerAPI_via_KituraPressTests = {
            isa = PBXBuildFile;
            fileRef = _____Product_LoggerAPI;
        };
        _LinkFileRef_KituraSys_via_KituraPressTests = {
            isa = PBXBuildFile;
            fileRef = _____Product_KituraSys;
        };
        _LinkFileRef_Socket_via_KituraPressTests = {
            isa = PBXBuildFile;
            fileRef = _____Product_Socket;
        };
        _LinkFileRef_CHTTPParser_via_KituraPressTests = {
            isa = PBXBuildFile;
            fileRef = _____Product_CHTTPParser;
        };
        _LinkFileRef_KituraNet_via_KituraPressTests = {
            isa = PBXBuildFile;
            fileRef = _____Product_KituraNet;
        };
        _LinkFileRef_SwiftyJSON_via_KituraPressTests = {
            isa = PBXBuildFile;
            fileRef = _____Product_SwiftyJSON;
        };
        _LinkFileRef_KituraTemplateEngine_via_KituraPressTests = {
            isa = PBXBuildFile;
            fileRef = _____Product_KituraTemplateEngine;
        };
        _LinkFileRef_Kitura_via_KituraPressTests = {
            isa = PBXBuildFile;
            fileRef = _____Product_Kitura;
        };
        _LinkFileRef_KituraPress_via_KituraPressTests = {
            isa = PBXBuildFile;
            fileRef = _____Product_KituraPress;
        };
        _______Confs_KituraPressTests = {
            isa = XCConfigurationList;
            buildConfigurations = (___DebugConf_KituraPressTests, _ReleaseConf_KituraPressTests);
            defaultConfigurationIsVisible = 0;
            defaultConfigurationName = Debug;
        };
        ___DebugConf_KituraPressTests = {
            isa = XCBuildConfiguration;
            buildSettings = { LD_RUNPATH_SEARCH_PATHS = '@loader_path/../Frameworks'; FRAMEWORK_SEARCH_PATHS = '$(PLATFORM_DIR)/Developer/Library/Frameworks'; HEADER_SEARCH_PATHS = '/Users/Ryan/Developer/macOS/Linux-Server-Side-Swift-Benchmarking/KituraJSON/Packages/CCurl-0.2.1 /Users/Ryan/Developer/macOS/Linux-Server-Side-Swift-Benchmarking/KituraJSON/Packages/CHTTPParser-0.3.0/Sources/CHTTPParser/include'; OTHER_SWIFT_FLAGS = '$(inherited)'; INFOPLIST_FILE = 'KituraPress.xcodeproj/KituraPressTests_Info.plist'; SWIFT_OPTIMIZATION_LEVEL = '-Onone'; EMBEDDED_CONTENT_CONTAINS_SWIFT = 'YES'; OTHER_LDFLAGS = '$(inherited)'; SWIFT_VERSION = '3.0'; };
            name = Debug;
        };
        _ReleaseConf_KituraPressTests = {
            isa = XCBuildConfiguration;
            buildSettings = { LD_RUNPATH_SEARCH_PATHS = '@loader_path/../Frameworks'; FRAMEWORK_SEARCH_PATHS = '$(PLATFORM_DIR)/Developer/Library/Frameworks'; HEADER_SEARCH_PATHS = '/Users/Ryan/Developer/macOS/Linux-Server-Side-Swift-Benchmarking/KituraJSON/Packages/CCurl-0.2.1 /Users/Ryan/Developer/macOS/Linux-Server-Side-Swift-Benchmarking/KituraJSON/Packages/CHTTPParser-0.3.0/Sources/CHTTPParser/include'; OTHER_SWIFT_FLAGS = '$(inherited)'; INFOPLIST_FILE = 'KituraPress.xcodeproj/KituraPressTests_Info.plist'; EMBEDDED_CONTENT_CONTAINS_SWIFT = 'YES'; OTHER_LDFLAGS = '$(inherited)'; SWIFT_VERSION = '3.0'; };
            name = Release;
        };
        __Dependency_KituraPressTests = {
            isa = PBXTargetDependency;
            target = ______Target_KituraPressTests;
        };
        '__PBXFileRef_KituraPress.xcodeproj/Configs/Project.xcconfig' = {
            isa = PBXFileReference;
            lastKnownFileType = text.xcconfig;
            path = 'KituraPress.xcodeproj/Configs/Project.xcconfig';
            sourceTree = '<group>';
        };
        _____Configs_ = {
            isa = PBXGroup;
            children = ('__PBXFileRef_KituraPress.xcodeproj/Configs/Project.xcconfig');
            name = Configs;
            sourceTree = '<group>';
        };
        _____Sources_ = {
            isa = PBXGroup;
            children = (_______Group_LoggerAPI, _______Group_KituraSys, _______Group_Socket, _______Group_CHTTPParser, _______Group_KituraNet, _______Group_SwiftyJSON, _______Group_KituraTemplateEngine, _______Group_Kitura, _______Group_KituraPress);
            name = Sources;
            sourceTree = '<group>';
        };
        Dependencies_ = {
            isa = PBXGroup;
            children = (_______Group_KituraSys, _______Group_KituraNet, _______Group_Socket, _______Group_Kitura, _______Group_SwiftyJSON, _______Group_CHTTPParser, _______Group_LoggerAPI, _______Group_KituraTemplateEngine);
            name = Dependencies;
            sourceTree = '<group>';
        };
        _______Tests_ = {
            isa = PBXGroup;
            children = (_______Group_KituraPressTests);
            name = Tests;
            sourceTree = '<group>';
        };
       TestProducts_ = {
            isa = PBXGroup;
            children = (_____Product_KituraPressTests);
            name = Tests;
            sourceTree = '<group>';
        };
        ____Products_ = {
            isa = PBXGroup;
            children = (TestProducts_, _____Product_LoggerAPI, _____Product_KituraSys, _____Product_Socket, _____Product_CHTTPParser, _____Product_KituraNet, _____Product_SwiftyJSON, _____Product_KituraTemplateEngine, _____Product_Kitura, _____Product_KituraPress);
            name = Products;
            sourceTree = '<group>';
        };
        _______Debug_ = {
            isa = XCBuildConfiguration;
            baseConfigurationReference = '__PBXFileRef_KituraPress.xcodeproj/Configs/Project.xcconfig';
            buildSettings = {};
            name = Debug;
        };
        _____Release_ = {
            isa = XCBuildConfiguration;
            baseConfigurationReference = '__PBXFileRef_KituraPress.xcodeproj/Configs/Project.xcconfig';
            buildSettings = {};
            name = Release;
        };
        ___RootConfs_ = {
            isa = XCConfigurationList;
            buildConfigurations = (_______Debug_, _____Release_);
            defaultConfigurationIsVisible = 0;
            defaultConfigurationName = Debug;
        };
    };
}
